
Microsoft Visual Studio Solution File, Format Version 12.00
# Visual Studio Version 17
VisualStudioVersion = 17.0.31903.59
MinimumVisualStudioVersion = 10.0.40219.1
Project("{2150E333-8FDC-42A3-9474-1A3956D46DE8}") = "src", "src", "{827E0CD3-B72D-47B6-A68D-7590B98EB39B}"
EndProject
Project("{FAE04EC0-301F-11D3-BF4B-00C04F79EFBC}") = "KBA.Framework.Domain", "src\KBA.Framework.Domain\KBA.Framework.Domain.csproj", "{C6C19663-67B9-4D84-8009-70E8B89FBB9D}"
EndProject
Project("{FAE04EC0-301F-11D3-BF4B-00C04F79EFBC}") = "KBA.Framework.Application", "src\KBA.Framework.Application\KBA.Framework.Application.csproj", "{6A8E1455-9D55-4364-A3AD-CC3D1D03A18A}"
EndProject
Project("{FAE04EC0-301F-11D3-BF4B-00C04F79EFBC}") = "KBA.Framework.Infrastructure", "src\KBA.Framework.Infrastructure\KBA.Framework.Infrastructure.csproj", "{F8E91DF2-04AA-4B57-BDF3-F66844EC5D4A}"
EndProject
Project("{FAE04EC0-301F-11D3-BF4B-00C04F79EFBC}") = "KBA.Framework.Api", "src\KBA.Framework.Api\KBA.Framework.Api.csproj", "{22D93F79-BDDD-4DB5-8E3E-FFA213A7E9E3}"
EndProject
Project("{FAE04EC0-301F-11D3-BF4B-00C04F79EFBC}") = "KBA.Framework.Domain.Tests", "tests\KBA.Framework.Domain.Tests\KBA.Framework.Domain.Tests.csproj", "{2E7345EA-51AC-4412-BEBA-626B53696CB0}"
EndProject
Project("{FAE04EC0-301F-11D3-BF4B-00C04F79EFBC}") = "KBA.Framework.Application.Tests", "tests\KBA.Framework.Application.Tests\KBA.Framework.Application.Tests.csproj", "{325D5894-2A24-412A-968E-9FB5BCDB0BD0}"
EndProject
Project("{FAE04EC0-301F-11D3-BF4B-00C04F79EFBC}") = "KBA.Framework.Api.IntegrationTests", "tests\KBA.Framework.Api.IntegrationTests\KBA.Framework.Api.IntegrationTests.csproj", "{79CF3D44-3A98-49DF-899B-0A8072D56742}"
EndProject
Project("{FAE04EC0-301F-11D3-BF4B-00C04F79EFBC}") = "KBA.Framework.Core", "src\KBA.Framework.Core\KBA.Framework.Core.csproj", "{E6DDFC63-ECF2-4D09-B2AF-87E1F36A25DC}"
EndProject
Project("{FAE04EC0-301F-11D3-BF4B-00C04F79EFBC}") = "KBA.Framework.MultiTenancy", "src\KBA.Framework.MultiTenancy\KBA.Framework.MultiTenancy.csproj", "{B6CF425B-C05B-4A96-95EF-172821989BB5}"
EndProject
Project("{2150E333-8FDC-42A3-9474-1A3956D46DE8}") = "tests", "tests", "{0AB3BF05-4346-4AA6-1389-037BE0695223}"
EndProject
Project("{FAE04EC0-301F-11D3-BF4B-00C04F79EFBC}") = "KBA.Framework.Core.Tests", "tests\KBA.Framework.Core.Tests\KBA.Framework.Core.Tests.csproj", "{A8B3422C-8D7C-452A-A59F-ED9F38AE434D}"
EndProject
Project("{FAE04EC0-301F-11D3-BF4B-00C04F79EFBC}") = "KBA.Framework.MultiTenancy.Tests", "tests\KBA.Framework.MultiTenancy.Tests\KBA.Framework.MultiTenancy.Tests.csproj", "{9F7626D1-E6DB-4303-B17B-7EF1BCE1CC14}"
EndProject
Global
	GlobalSection(SolutionConfigurationPlatforms) = preSolution
		Debug|Any CPU = Debug|Any CPU
		Debug|x64 = Debug|x64
		Debug|x86 = Debug|x86
		Release|Any CPU = Release|Any CPU
		Release|x64 = Release|x64
		Release|x86 = Release|x86
	EndGlobalSection
	GlobalSection(ProjectConfigurationPlatforms) = postSolution
		{C6C19663-67B9-4D84-8009-70E8B89FBB9D}.Debug|Any CPU.ActiveCfg = Debug|Any CPU
		{C6C19663-67B9-4D84-8009-70E8B89FBB9D}.Debug|Any CPU.Build.0 = Debug|Any CPU
		{C6C19663-67B9-4D84-8009-70E8B89FBB9D}.Debug|x64.ActiveCfg = Debug|Any CPU
		{C6C19663-67B9-4D84-8009-70E8B89FBB9D}.Debug|x64.Build.0 = Debug|Any CPU
		{C6C19663-67B9-4D84-8009-70E8B89FBB9D}.Debug|x86.ActiveCfg = Debug|Any CPU
		{C6C19663-67B9-4D84-8009-70E8B89FBB9D}.Debug|x86.Build.0 = Debug|Any CPU
		{C6C19663-67B9-4D84-8009-70E8B89FBB9D}.Release|Any CPU.ActiveCfg = Release|Any CPU
		{C6C19663-67B9-4D84-8009-70E8B89FBB9D}.Release|Any CPU.Build.0 = Release|Any CPU
		{C6C19663-67B9-4D84-8009-70E8B89FBB9D}.Release|x64.ActiveCfg = Release|Any CPU
		{C6C19663-67B9-4D84-8009-70E8B89FBB9D}.Release|x64.Build.0 = Release|Any CPU
		{C6C19663-67B9-4D84-8009-70E8B89FBB9D}.Release|x86.ActiveCfg = Release|Any CPU
		{C6C19663-67B9-4D84-8009-70E8B89FBB9D}.Release|x86.Build.0 = Release|Any CPU
		{6A8E1455-9D55-4364-A3AD-CC3D1D03A18A}.Debug|Any CPU.ActiveCfg = Debug|Any CPU
		{6A8E1455-9D55-4364-A3AD-CC3D1D03A18A}.Debug|Any CPU.Build.0 = Debug|Any CPU
		{6A8E1455-9D55-4364-A3AD-CC3D1D03A18A}.Debug|x64.ActiveCfg = Debug|Any CPU
		{6A8E1455-9D55-4364-A3AD-CC3D1D03A18A}.Debug|x64.Build.0 = Debug|Any CPU
		{6A8E1455-9D55-4364-A3AD-CC3D1D03A18A}.Debug|x86.ActiveCfg = Debug|Any CPU
		{6A8E1455-9D55-4364-A3AD-CC3D1D03A18A}.Debug|x86.Build.0 = Debug|Any CPU
		{6A8E1455-9D55-4364-A3AD-CC3D1D03A18A}.Release|Any CPU.ActiveCfg = Release|Any CPU
		{6A8E1455-9D55-4364-A3AD-CC3D1D03A18A}.Release|Any CPU.Build.0 = Release|Any CPU
		{6A8E1455-9D55-4364-A3AD-CC3D1D03A18A}.Release|x64.ActiveCfg = Release|Any CPU
		{6A8E1455-9D55-4364-A3AD-CC3D1D03A18A}.Release|x64.Build.0 = Release|Any CPU
		{6A8E1455-9D55-4364-A3AD-CC3D1D03A18A}.Release|x86.ActiveCfg = Release|Any CPU
		{6A8E1455-9D55-4364-A3AD-CC3D1D03A18A}.Release|x86.Build.0 = Release|Any CPU
		{F8E91DF2-04AA-4B57-BDF3-F66844EC5D4A}.Debug|Any CPU.ActiveCfg = Debug|Any CPU
		{F8E91DF2-04AA-4B57-BDF3-F66844EC5D4A}.Debug|Any CPU.Build.0 = Debug|Any CPU
		{F8E91DF2-04AA-4B57-BDF3-F66844EC5D4A}.Debug|x64.ActiveCfg = Debug|Any CPU
		{F8E91DF2-04AA-4B57-BDF3-F66844EC5D4A}.Debug|x64.Build.0 = Debug|Any CPU
		{F8E91DF2-04AA-4B57-BDF3-F66844EC5D4A}.Debug|x86.ActiveCfg = Debug|Any CPU
		{F8E91DF2-04AA-4B57-BDF3-F66844EC5D4A}.Debug|x86.Build.0 = Debug|Any CPU
		{F8E91DF2-04AA-4B57-BDF3-F66844EC5D4A}.Release|Any CPU.ActiveCfg = Release|Any CPU
		{F8E91DF2-04AA-4B57-BDF3-F66844EC5D4A}.Release|Any CPU.Build.0 = Release|Any CPU
		{F8E91DF2-04AA-4B57-BDF3-F66844EC5D4A}.Release|x64.ActiveCfg = Release|Any CPU
		{F8E91DF2-04AA-4B57-BDF3-F66844EC5D4A}.Release|x64.Build.0 = Release|Any CPU
		{F8E91DF2-04AA-4B57-BDF3-F66844EC5D4A}.Release|x86.ActiveCfg = Release|Any CPU
		{F8E91DF2-04AA-4B57-BDF3-F66844EC5D4A}.Release|x86.Build.0 = Release|Any CPU
		{22D93F79-BDDD-4DB5-8E3E-FFA213A7E9E3}.Debug|Any CPU.ActiveCfg = Debug|Any CPU
		{22D93F79-BDDD-4DB5-8E3E-FFA213A7E9E3}.Debug|Any CPU.Build.0 = Debug|Any CPU
		{22D93F79-BDDD-4DB5-8E3E-FFA213A7E9E3}.Debug|x64.ActiveCfg = Debug|Any CPU
		{22D93F79-BDDD-4DB5-8E3E-FFA213A7E9E3}.Debug|x64.Build.0 = Debug|Any CPU
		{22D93F79-BDDD-4DB5-8E3E-FFA213A7E9E3}.Debug|x86.ActiveCfg = Debug|Any CPU
		{22D93F79-BDDD-4DB5-8E3E-FFA213A7E9E3}.Debug|x86.Build.0 = Debug|Any CPU
		{22D93F79-BDDD-4DB5-8E3E-FFA213A7E9E3}.Release|Any CPU.ActiveCfg = Release|Any CPU
		{22D93F79-BDDD-4DB5-8E3E-FFA213A7E9E3}.Release|Any CPU.Build.0 = Release|Any CPU
		{22D93F79-BDDD-4DB5-8E3E-FFA213A7E9E3}.Release|x64.ActiveCfg = Release|Any CPU
		{22D93F79-BDDD-4DB5-8E3E-FFA213A7E9E3}.Release|x64.Build.0 = Release|Any CPU
		{22D93F79-BDDD-4DB5-8E3E-FFA213A7E9E3}.Release|x86.ActiveCfg = Release|Any CPU
		{22D93F79-BDDD-4DB5-8E3E-FFA213A7E9E3}.Release|x86.Build.0 = Release|Any CPU
		{2E7345EA-51AC-4412-BEBA-626B53696CB0}.Debug|Any CPU.ActiveCfg = Debug|Any CPU
		{2E7345EA-51AC-4412-BEBA-626B53696CB0}.Debug|Any CPU.Build.0 = Debug|Any CPU
		{2E7345EA-51AC-4412-BEBA-626B53696CB0}.Debug|x64.ActiveCfg = Debug|Any CPU
		{2E7345EA-51AC-4412-BEBA-626B53696CB0}.Debug|x64.Build.0 = Debug|Any CPU
		{2E7345EA-51AC-4412-BEBA-626B53696CB0}.Debug|x86.ActiveCfg = Debug|Any CPU
		{2E7345EA-51AC-4412-BEBA-626B53696CB0}.Debug|x86.Build.0 = Debug|Any CPU
		{2E7345EA-51AC-4412-BEBA-626B53696CB0}.Release|Any CPU.ActiveCfg = Release|Any CPU
		{2E7345EA-51AC-4412-BEBA-626B53696CB0}.Release|Any CPU.Build.0 = Release|Any CPU
		{2E7345EA-51AC-4412-BEBA-626B53696CB0}.Release|x64.ActiveCfg = Release|Any CPU
		{2E7345EA-51AC-4412-BEBA-626B53696CB0}.Release|x64.Build.0 = Release|Any CPU
		{2E7345EA-51AC-4412-BEBA-626B53696CB0}.Release|x86.ActiveCfg = Release|Any CPU
		{2E7345EA-51AC-4412-BEBA-626B53696CB0}.Release|x86.Build.0 = Release|Any CPU
		{325D5894-2A24-412A-968E-9FB5BCDB0BD0}.Debug|Any CPU.ActiveCfg = Debug|Any CPU
		{325D5894-2A24-412A-968E-9FB5BCDB0BD0}.Debug|Any CPU.Build.0 = Debug|Any CPU
		{325D5894-2A24-412A-968E-9FB5BCDB0BD0}.Debug|x64.ActiveCfg = Debug|Any CPU
		{325D5894-2A24-412A-968E-9FB5BCDB0BD0}.Debug|x64.Build.0 = Debug|Any CPU
		{325D5894-2A24-412A-968E-9FB5BCDB0BD0}.Debug|x86.ActiveCfg = Debug|Any CPU
		{325D5894-2A24-412A-968E-9FB5BCDB0BD0}.Debug|x86.Build.0 = Debug|Any CPU
		{325D5894-2A24-412A-968E-9FB5BCDB0BD0}.Release|Any CPU.ActiveCfg = Release|Any CPU
		{325D5894-2A24-412A-968E-9FB5BCDB0BD0}.Release|Any CPU.Build.0 = Release|Any CPU
		{325D5894-2A24-412A-968E-9FB5BCDB0BD0}.Release|x64.ActiveCfg = Release|Any CPU
		{325D5894-2A24-412A-968E-9FB5BCDB0BD0}.Release|x64.Build.0 = Release|Any CPU
		{325D5894-2A24-412A-968E-9FB5BCDB0BD0}.Release|x86.ActiveCfg = Release|Any CPU
		{325D5894-2A24-412A-968E-9FB5BCDB0BD0}.Release|x86.Build.0 = Release|Any CPU
		{79CF3D44-3A98-49DF-899B-0A8072D56742}.Debug|Any CPU.ActiveCfg = Debug|Any CPU
		{79CF3D44-3A98-49DF-899B-0A8072D56742}.Debug|Any CPU.Build.0 = Debug|Any CPU
		{79CF3D44-3A98-49DF-899B-0A8072D56742}.Debug|x64.ActiveCfg = Debug|Any CPU
		{79CF3D44-3A98-49DF-899B-0A8072D56742}.Debug|x64.Build.0 = Debug|Any CPU
		{79CF3D44-3A98-49DF-899B-0A8072D56742}.Debug|x86.ActiveCfg = Debug|Any CPU
		{79CF3D44-3A98-49DF-899B-0A8072D56742}.Debug|x86.Build.0 = Debug|Any CPU
		{79CF3D44-3A98-49DF-899B-0A8072D56742}.Release|Any CPU.ActiveCfg = Release|Any CPU
		{79CF3D44-3A98-49DF-899B-0A8072D56742}.Release|Any CPU.Build.0 = Release|Any CPU
		{79CF3D44-3A98-49DF-899B-0A8072D56742}.Release|x64.ActiveCfg = Release|Any CPU
		{79CF3D44-3A98-49DF-899B-0A8072D56742}.Release|x64.Build.0 = Release|Any CPU
		{79CF3D44-3A98-49DF-899B-0A8072D56742}.Release|x86.ActiveCfg = Release|Any CPU
		{79CF3D44-3A98-49DF-899B-0A8072D56742}.Release|x86.Build.0 = Release|Any CPU
		{E6DDFC63-ECF2-4D09-B2AF-87E1F36A25DC}.Debug|Any CPU.ActiveCfg = Debug|Any CPU
		{E6DDFC63-ECF2-4D09-B2AF-87E1F36A25DC}.Debug|Any CPU.Build.0 = Debug|Any CPU
		{E6DDFC63-ECF2-4D09-B2AF-87E1F36A25DC}.Debug|x64.ActiveCfg = Debug|Any CPU
		{E6DDFC63-ECF2-4D09-B2AF-87E1F36A25DC}.Debug|x64.Build.0 = Debug|Any CPU
		{E6DDFC63-ECF2-4D09-B2AF-87E1F36A25DC}.Debug|x86.ActiveCfg = Debug|Any CPU
		{E6DDFC63-ECF2-4D09-B2AF-87E1F36A25DC}.Debug|x86.Build.0 = Debug|Any CPU
		{E6DDFC63-ECF2-4D09-B2AF-87E1F36A25DC}.Release|Any CPU.ActiveCfg = Release|Any CPU
		{E6DDFC63-ECF2-4D09-B2AF-87E1F36A25DC}.Release|Any CPU.Build.0 = Release|Any CPU
		{E6DDFC63-ECF2-4D09-B2AF-87E1F36A25DC}.Release|x64.ActiveCfg = Release|Any CPU
		{E6DDFC63-ECF2-4D09-B2AF-87E1F36A25DC}.Release|x64.Build.0 = Release|Any CPU
		{E6DDFC63-ECF2-4D09-B2AF-87E1F36A25DC}.Release|x86.ActiveCfg = Release|Any CPU
		{E6DDFC63-ECF2-4D09-B2AF-87E1F36A25DC}.Release|x86.Build.0 = Release|Any CPU
		{B6CF425B-C05B-4A96-95EF-172821989BB5}.Debug|Any CPU.ActiveCfg = Debug|Any CPU
		{B6CF425B-C05B-4A96-95EF-172821989BB5}.Debug|Any CPU.Build.0 = Debug|Any CPU
		{B6CF425B-C05B-4A96-95EF-172821989BB5}.Debug|x64.ActiveCfg = Debug|Any CPU
		{B6CF425B-C05B-4A96-95EF-172821989BB5}.Debug|x64.Build.0 = Debug|Any CPU
		{B6CF425B-C05B-4A96-95EF-172821989BB5}.Debug|x86.ActiveCfg = Debug|Any CPU
		{B6CF425B-C05B-4A96-95EF-172821989BB5}.Debug|x86.Build.0 = Debug|Any CPU
		{B6CF425B-C05B-4A96-95EF-172821989BB5}.Release|Any CPU.ActiveCfg = Release|Any CPU
		{B6CF425B-C05B-4A96-95EF-172821989BB5}.Release|Any CPU.Build.0 = Release|Any CPU
		{B6CF425B-C05B-4A96-95EF-172821989BB5}.Release|x64.ActiveCfg = Release|Any CPU
		{B6CF425B-C05B-4A96-95EF-172821989BB5}.Release|x64.Build.0 = Release|Any CPU
		{B6CF425B-C05B-4A96-95EF-172821989BB5}.Release|x86.ActiveCfg = Release|Any CPU
		{B6CF425B-C05B-4A96-95EF-172821989BB5}.Release|x86.Build.0 = Release|Any CPU
		{A8B3422C-8D7C-452A-A59F-ED9F38AE434D}.Debug|Any CPU.ActiveCfg = Debug|Any CPU
		{A8B3422C-8D7C-452A-A59F-ED9F38AE434D}.Debug|Any CPU.Build.0 = Debug|Any CPU
		{A8B3422C-8D7C-452A-A59F-ED9F38AE434D}.Debug|x64.ActiveCfg = Debug|Any CPU
		{A8B3422C-8D7C-452A-A59F-ED9F38AE434D}.Debug|x64.Build.0 = Debug|Any CPU
		{A8B3422C-8D7C-452A-A59F-ED9F38AE434D}.Debug|x86.ActiveCfg = Debug|Any CPU
		{A8B3422C-8D7C-452A-A59F-ED9F38AE434D}.Debug|x86.Build.0 = Debug|Any CPU
		{A8B3422C-8D7C-452A-A59F-ED9F38AE434D}.Release|Any CPU.ActiveCfg = Release|Any CPU
		{A8B3422C-8D7C-452A-A59F-ED9F38AE434D}.Release|Any CPU.Build.0 = Release|Any CPU
		{A8B3422C-8D7C-452A-A59F-ED9F38AE434D}.Release|x64.ActiveCfg = Release|Any CPU
		{A8B3422C-8D7C-452A-A59F-ED9F38AE434D}.Release|x64.Build.0 = Release|Any CPU
		{A8B3422C-8D7C-452A-A59F-ED9F38AE434D}.Release|x86.ActiveCfg = Release|Any CPU
		{A8B3422C-8D7C-452A-A59F-ED9F38AE434D}.Release|x86.Build.0 = Release|Any CPU
		{9F7626D1-E6DB-4303-B17B-7EF1BCE1CC14}.Debug|Any CPU.ActiveCfg = Debug|Any CPU
		{9F7626D1-E6DB-4303-B17B-7EF1BCE1CC14}.Debug|Any CPU.Build.0 = Debug|Any CPU
		{9F7626D1-E6DB-4303-B17B-7EF1BCE1CC14}.Debug|x64.ActiveCfg = Debug|Any CPU
		{9F7626D1-E6DB-4303-B17B-7EF1BCE1CC14}.Debug|x64.Build.0 = Debug|Any CPU
		{9F7626D1-E6DB-4303-B17B-7EF1BCE1CC14}.Debug|x86.ActiveCfg = Debug|Any CPU
		{9F7626D1-E6DB-4303-B17B-7EF1BCE1CC14}.Debug|x86.Build.0 = Debug|Any CPU
		{9F7626D1-E6DB-4303-B17B-7EF1BCE1CC14}.Release|Any CPU.ActiveCfg = Release|Any CPU
		{9F7626D1-E6DB-4303-B17B-7EF1BCE1CC14}.Release|Any CPU.Build.0 = Release|Any CPU
		{9F7626D1-E6DB-4303-B17B-7EF1BCE1CC14}.Release|x64.ActiveCfg = Release|Any CPU
		{9F7626D1-E6DB-4303-B17B-7EF1BCE1CC14}.Release|x64.Build.0 = Release|Any CPU
		{9F7626D1-E6DB-4303-B17B-7EF1BCE1CC14}.Release|x86.ActiveCfg = Release|Any CPU
		{9F7626D1-E6DB-4303-B17B-7EF1BCE1CC14}.Release|x86.Build.0 = Release|Any CPU
	EndGlobalSection
	GlobalSection(SolutionProperties) = preSolution
		HideSolutionNode = FALSE
	EndGlobalSection
	GlobalSection(NestedProjects) = preSolution
		{C6C19663-67B9-4D84-8009-70E8B89FBB9D} = {827E0CD3-B72D-47B6-A68D-7590B98EB39B}
		{6A8E1455-9D55-4364-A3AD-CC3D1D03A18A} = {827E0CD3-B72D-47B6-A68D-7590B98EB39B}
		{F8E91DF2-04AA-4B57-BDF3-F66844EC5D4A} = {827E0CD3-B72D-47B6-A68D-7590B98EB39B}
		{22D93F79-BDDD-4DB5-8E3E-FFA213A7E9E3} = {827E0CD3-B72D-47B6-A68D-7590B98EB39B}
		{2E7345EA-51AC-4412-BEBA-626B53696CB0} = {827E0CD3-B72D-47B6-A68D-7590B98EB39B}
		{325D5894-2A24-412A-968E-9FB5BCDB0BD0} = {827E0CD3-B72D-47B6-A68D-7590B98EB39B}
		{79CF3D44-3A98-49DF-899B-0A8072D56742} = {827E0CD3-B72D-47B6-A68D-7590B98EB39B}
		{E6DDFC63-ECF2-4D09-B2AF-87E1F36A25DC} = {827E0CD3-B72D-47B6-A68D-7590B98EB39B}
		{B6CF425B-C05B-4A96-95EF-172821989BB5} = {827E0CD3-B72D-47B6-A68D-7590B98EB39B}
		{A8B3422C-8D7C-452A-A59F-ED9F38AE434D} = {0AB3BF05-4346-4AA6-1389-037BE0695223}
		{9F7626D1-E6DB-4303-B17B-7EF1BCE1CC14} = {0AB3BF05-4346-4AA6-1389-037BE0695223}
	EndGlobalSection
EndGlobal
