
Microsoft Visual Studio Solution File, Format Version 12.00
# Visual Studio Version 17
VisualStudioVersion = 17.0.31903.59
MinimumVisualStudioVersion = 10.0.40219.1
Project("{2150E333-8FDC-42A3-9474-1A3956D46DE8}") = "src", "src", "{827E0CD3-B72D-47B6-A68D-7590B98EB39B}"
EndProject
Project("{2150E333-8FDC-42A3-9474-1A3956D46DE8}") = "core", "core", "{8D626EA8-CB54-BC41-363A-217881BEBA6E}"
EndProject
Project("{FAE04EC0-301F-11D3-BF4B-00C04F79EFBC}") = "RVR.Framework.Application", "src\core\RVR.Framework.Application\RVR.Framework.Application.csproj", "{61268139-C985-4466-BA40-79822DAF8669}"
EndProject
Project("{FAE04EC0-301F-11D3-BF4B-00C04F79EFBC}") = "RVR.Framework.Core", "src\core\RVR.Framework.Core\RVR.Framework.Core.csproj", "{A070DA7A-BA52-49A2-BDB8-ADF43510B9BE}"
EndProject
Project("{FAE04EC0-301F-11D3-BF4B-00C04F79EFBC}") = "RVR.Framework.Domain", "src\core\RVR.Framework.Domain\RVR.Framework.Domain.csproj", "{412F22FB-D2C3-43EF-8393-150B59A1F09F}"
EndProject
Project("{FAE04EC0-301F-11D3-BF4B-00C04F79EFBC}") = "RVR.Framework.Infrastructure", "src\core\RVR.Framework.Infrastructure\RVR.Framework.Infrastructure.csproj", "{F881B191-B892-4ACA-AC84-F9E563985452}"
EndProject
Project("{2150E333-8FDC-42A3-9474-1A3956D46DE8}") = "api", "api", "{81034408-37C8-1011-444E-4C15C2FADA8E}"
EndProject
Project("{FAE04EC0-301F-11D3-BF4B-00C04F79EFBC}") = "RVR.Framework.Api", "src\api\RVR.Framework.Api\RVR.Framework.Api.csproj", "{5792FA56-C112-4234-86E1-C62010269B32}"
EndProject
Project("{FAE04EC0-301F-11D3-BF4B-00C04F79EFBC}") = "RVR.Framework.ApiVersioning", "src\api\RVR.Framework.ApiVersioning\RVR.Framework.ApiVersioning.csproj", "{B8C06048-8823-4B38-89B0-86029678DCA4}"
EndProject
Project("{FAE04EC0-301F-11D3-BF4B-00C04F79EFBC}") = "RVR.Framework.GraphQL", "src\api\RVR.Framework.GraphQL\RVR.Framework.GraphQL.csproj", "{31E9A8CB-47C4-416E-8723-43F51C7B2784}"
EndProject
Project("{2150E333-8FDC-42A3-9474-1A3956D46DE8}") = "security", "security", "{C0672DDC-B16F-D231-C4B5-64C737C38FC9}"
EndProject
Project("{FAE04EC0-301F-11D3-BF4B-00C04F79EFBC}") = "RVR.Framework.Identity.Pro", "src\security\RVR.Framework.Identity.Pro\RVR.Framework.Identity.Pro.csproj", "{A9B02D5B-4316-4802-AE0E-74232EA9BF03}"
EndProject
Project("{FAE04EC0-301F-11D3-BF4B-00C04F79EFBC}") = "RVR.Framework.Security", "src\security\RVR.Framework.Security\RVR.Framework.Security.csproj", "{44B58035-167D-47BF-8270-4F4187D62995}"
EndProject
Project("{2150E333-8FDC-42A3-9474-1A3956D46DE8}") = "data", "data", "{58A5B24B-8FB4-5A6E-5EF4-1E3E19F29B1B}"
EndProject
Project("{FAE04EC0-301F-11D3-BF4B-00C04F79EFBC}") = "RVR.Framework.Data.Abstractions", "src\data\RVR.Framework.Data.Abstractions\RVR.Framework.Data.Abstractions.csproj", "{D287A1E4-AA1C-448D-A0BB-8B393597747E}"
EndProject
Project("{FAE04EC0-301F-11D3-BF4B-00C04F79EFBC}") = "RVR.Framework.Data.MySQL", "src\data\RVR.Framework.Data.MySQL\RVR.Framework.Data.MySQL.csproj", "{90870782-9845-489C-B29E-7C35508181F8}"
EndProject
Project("{FAE04EC0-301F-11D3-BF4B-00C04F79EFBC}") = "RVR.Framework.Data.PostgreSQL", "src\data\RVR.Framework.Data.PostgreSQL\RVR.Framework.Data.PostgreSQL.csproj", "{1254E059-6E8F-4776-9D6A-19D1E49DFBF2}"
EndProject
Project("{FAE04EC0-301F-11D3-BF4B-00C04F79EFBC}") = "RVR.Framework.Data.SQLite", "src\data\RVR.Framework.Data.SQLite\RVR.Framework.Data.SQLite.csproj", "{E54548EC-7F01-40FE-AAF6-3FBF278C0E60}"
EndProject
Project("{FAE04EC0-301F-11D3-BF4B-00C04F79EFBC}") = "RVR.Framework.Data.SqlServer", "src\data\RVR.Framework.Data.SqlServer\RVR.Framework.Data.SqlServer.csproj", "{2CC7F240-4805-4964-82DE-67BCD2740EDF}"
EndProject
Project("{2150E333-8FDC-42A3-9474-1A3956D46DE8}") = "multitenancy", "multitenancy", "{204E644F-317B-204E-C3E0-A421B3650764}"
EndProject
Project("{FAE04EC0-301F-11D3-BF4B-00C04F79EFBC}") = "RVR.Framework.Billing", "src\multitenancy\RVR.Framework.Billing\RVR.Framework.Billing.csproj", "{DB6D83C9-BB57-4B4E-888D-C9E0F19DB3CF}"
EndProject
Project("{FAE04EC0-301F-11D3-BF4B-00C04F79EFBC}") = "RVR.Framework.MultiTenancy", "src\multitenancy\RVR.Framework.MultiTenancy\RVR.Framework.MultiTenancy.csproj", "{EB42E83A-5742-4A09-8B50-C993759269B2}"
EndProject
Project("{FAE04EC0-301F-11D3-BF4B-00C04F79EFBC}") = "RVR.Framework.SaaS", "src\multitenancy\RVR.Framework.SaaS\RVR.Framework.SaaS.csproj", "{67AB19EB-A0F8-4477-9560-72243851E000}"
EndProject
Project("{2150E333-8FDC-42A3-9474-1A3956D46DE8}") = "modules", "modules", "{EC447DCF-ABFA-6E24-52A5-D7FD48A5C558}"
EndProject
Project("{FAE04EC0-301F-11D3-BF4B-00C04F79EFBC}") = "RVR.Framework.Caching", "src\modules\RVR.Framework.Caching\RVR.Framework.Caching.csproj", "{47A5E346-43D6-432A-B705-27D49B9964A9}"
EndProject
Project("{FAE04EC0-301F-11D3-BF4B-00C04F79EFBC}") = "RVR.Framework.FeatureManagement", "src\modules\RVR.Framework.FeatureManagement\RVR.Framework.FeatureManagement.csproj", "{F94D1229-4DE5-42A0-8A95-CDB38B98F9C8}"
EndProject
Project("{FAE04EC0-301F-11D3-BF4B-00C04F79EFBC}") = "RVR.Framework.Features", "src\modules\RVR.Framework.Features\RVR.Framework.Features.csproj", "{91863F07-C6B8-4DB6-B8ED-1842D3FEA835}"
EndProject
Project("{FAE04EC0-301F-11D3-BF4B-00C04F79EFBC}") = "RVR.Framework.HealthChecks", "src\modules\RVR.Framework.HealthChecks\RVR.Framework.HealthChecks.csproj", "{010AEEC0-432E-4179-95D8-258C19F949BE}"
EndProject
Project("{FAE04EC0-301F-11D3-BF4B-00C04F79EFBC}") = "RVR.Framework.Jobs.Abstractions", "src\modules\RVR.Framework.Jobs.Abstractions\RVR.Framework.Jobs.Abstractions.csproj", "{044D26CD-3806-4DF6-A84C-A47391C7BAB1}"
EndProject
Project("{FAE04EC0-301F-11D3-BF4B-00C04F79EFBC}") = "RVR.Framework.Jobs.Hangfire", "src\modules\RVR.Framework.Jobs.Hangfire\RVR.Framework.Jobs.Hangfire.csproj", "{DA93060B-4365-4EBB-A198-A44609266B61}"
EndProject
Project("{FAE04EC0-301F-11D3-BF4B-00C04F79EFBC}") = "RVR.Framework.Jobs.Quartz", "src\modules\RVR.Framework.Jobs.Quartz\RVR.Framework.Jobs.Quartz.csproj", "{C5E0F10F-F2BF-4170-9531-0B1288312C4E}"
EndProject
Project("{FAE04EC0-301F-11D3-BF4B-00C04F79EFBC}") = "RVR.Framework.Localization.Dynamic", "src\modules\RVR.Framework.Localization.Dynamic\RVR.Framework.Localization.Dynamic.csproj", "{13D34C61-6DAB-4A90-BD56-B47ABD7A8CCF}"
EndProject
Project("{FAE04EC0-301F-11D3-BF4B-00C04F79EFBC}") = "RVR.Framework.Notifications", "src\modules\RVR.Framework.Notifications\RVR.Framework.Notifications.csproj", "{848D0F45-8E59-43ED-8396-D4318439A0DB}"
EndProject
Project("{FAE04EC0-301F-11D3-BF4B-00C04F79EFBC}") = "RVR.Framework.RealTime", "src\modules\RVR.Framework.RealTime\RVR.Framework.RealTime.csproj", "{96ABFBFE-8278-4CBA-8235-642479EB0890}"
EndProject
Project("{FAE04EC0-301F-11D3-BF4B-00C04F79EFBC}") = "RVR.Framework.Storage", "src\modules\RVR.Framework.Storage\RVR.Framework.Storage.csproj", "{EBA8FE32-5D2F-4147-BC38-D3BD3B4FB4F9}"
EndProject
Project("{2150E333-8FDC-42A3-9474-1A3956D46DE8}") = "integration", "integration", "{4CF8BE06-238A-3BB5-C506-35F420208DAB}"
EndProject
Project("{FAE04EC0-301F-11D3-BF4B-00C04F79EFBC}") = "RVR.Framework.Client", "src\integration\RVR.Framework.Client\RVR.Framework.Client.csproj", "{F0DD9D15-466E-43C3-BE20-67114E0B278B}"
EndProject
Project("{FAE04EC0-301F-11D3-BF4B-00C04F79EFBC}") = "RVR.Framework.Export", "src\integration\RVR.Framework.Export\RVR.Framework.Export.csproj", "{BE7FB603-E557-47EA-8E69-7D1E2646A3F0}"
EndProject
Project("{FAE04EC0-301F-11D3-BF4B-00C04F79EFBC}") = "RVR.Framework.Webhooks", "src\integration\RVR.Framework.Webhooks\RVR.Framework.Webhooks.csproj", "{6517E4C5-42FE-4307-B4FF-96AAF32F5F5E}"
EndProject
Project("{2150E333-8FDC-42A3-9474-1A3956D46DE8}") = "ai", "ai", "{01DEFA9D-CB1A-AC1D-F37C-9C74159CC2D9}"
EndProject
Project("{FAE04EC0-301F-11D3-BF4B-00C04F79EFBC}") = "RVR.Framework.AI", "src\ai\RVR.Framework.AI\RVR.Framework.AI.csproj", "{32B6A76D-885A-4374-962C-B17432F75EFA}"
EndProject
Project("{FAE04EC0-301F-11D3-BF4B-00C04F79EFBC}") = "RVR.Framework.NaturalQuery", "src\ai\RVR.Framework.NaturalQuery\RVR.Framework.NaturalQuery.csproj", "{5FC7A542-5FDA-42C2-B318-45109055ED26}"
EndProject
Project("{2150E333-8FDC-42A3-9474-1A3956D46DE8}") = "ui", "ui", "{BBB7B94B-6E11-D9F1-7BA6-9ECA82DB22BF}"
EndProject
Project("{FAE04EC0-301F-11D3-BF4B-00C04F79EFBC}") = "RVR.Framework.Admin", "src\ui\RVR.Framework.Admin\RVR.Framework.Admin.csproj", "{4F7A8D69-D894-4AB5-A7D9-9AF9642EA659}"
EndProject
Project("{FAE04EC0-301F-11D3-BF4B-00C04F79EFBC}") = "RVR.Framework.AuditLogging.UI", "src\ui\RVR.Framework.AuditLogging.UI\RVR.Framework.AuditLogging.UI.csproj", "{50DEA947-906C-4500-ABC3-CBE877D0AED5}"
EndProject
Project("{2150E333-8FDC-42A3-9474-1A3956D46DE8}") = "hosting", "hosting", "{F489E2D5-C65D-9AA9-2B96-C7DF79630172}"
EndProject
Project("{FAE04EC0-301F-11D3-BF4B-00C04F79EFBC}") = "RVR.Framework.AppHost", "src\hosting\RVR.Framework.AppHost\RVR.Framework.AppHost.csproj", "{74CAA307-C519-4AD8-8B98-80564AD17257}"
EndProject
Project("{FAE04EC0-301F-11D3-BF4B-00C04F79EFBC}") = "RVR.Framework.ServiceDefaults", "src\hosting\RVR.Framework.ServiceDefaults\RVR.Framework.ServiceDefaults.csproj", "{6B95873C-01E6-4C8D-BD66-21503A7FAA5E}"
EndProject
Project("{2150E333-8FDC-42A3-9474-1A3956D46DE8}") = "tests", "tests", "{0AB3BF05-4346-4AA6-1389-037BE0695223}"
EndProject
Project("{FAE04EC0-301F-11D3-BF4B-00C04F79EFBC}") = "RVR.CLI.Tests", "tests\RVR.CLI.Tests\RVR.CLI.Tests.csproj", "{D0F01DB1-5821-429D-9C2D-8B45E96CE135}"
EndProject
Project("{FAE04EC0-301F-11D3-BF4B-00C04F79EFBC}") = "RVR.Framework.AI.Tests", "tests\RVR.Framework.AI.Tests\RVR.Framework.AI.Tests.csproj", "{6580CAA3-98F8-421A-AE9C-8FCFF4520C55}"
EndProject
Project("{FAE04EC0-301F-11D3-BF4B-00C04F79EFBC}") = "RVR.Framework.Api.IntegrationTests", "tests\RVR.Framework.Api.IntegrationTests\RVR.Framework.Api.IntegrationTests.csproj", "{33433481-12FD-4A65-B9B9-48BF6106721E}"
EndProject
Project("{FAE04EC0-301F-11D3-BF4B-00C04F79EFBC}") = "RVR.Framework.Application.Tests", "tests\RVR.Framework.Application.Tests\RVR.Framework.Application.Tests.csproj", "{1C567715-82EB-47E1-92D8-851029210ECC}"
EndProject
Project("{FAE04EC0-301F-11D3-BF4B-00C04F79EFBC}") = "RVR.Framework.Benchmarks", "tests\RVR.Framework.Benchmarks\RVR.Framework.Benchmarks.csproj", "{DB4BAA6E-7EF3-4524-9594-52E229C0298B}"
EndProject
Project("{FAE04EC0-301F-11D3-BF4B-00C04F79EFBC}") = "RVR.Framework.Core.Tests", "tests\RVR.Framework.Core.Tests\RVR.Framework.Core.Tests.csproj", "{5918B331-C809-449C-BC9B-AD4B9578587B}"
EndProject
Project("{FAE04EC0-301F-11D3-BF4B-00C04F79EFBC}") = "RVR.Framework.Data.Tests", "tests\RVR.Framework.Data.Tests\RVR.Framework.Data.Tests.csproj", "{66E5B8DC-D45A-4207-9B04-6069B6A095B2}"
EndProject
Project("{FAE04EC0-301F-11D3-BF4B-00C04F79EFBC}") = "RVR.Framework.Domain.Tests", "tests\RVR.Framework.Domain.Tests\RVR.Framework.Domain.Tests.csproj", "{22CEE158-9713-48DD-8CA8-7078F1B42851}"
EndProject
Project("{FAE04EC0-301F-11D3-BF4B-00C04F79EFBC}") = "RVR.Framework.Features.Tests", "tests\RVR.Framework.Features.Tests\RVR.Framework.Features.Tests.csproj", "{B5F7169E-D87E-4590-A500-574DBF621F56}"
EndProject
Project("{FAE04EC0-301F-11D3-BF4B-00C04F79EFBC}") = "RVR.Framework.Jobs.Tests", "tests\RVR.Framework.Jobs.Tests\RVR.Framework.Jobs.Tests.csproj", "{3EA7B2CA-5A90-490F-B641-C9149C6F183B}"
EndProject
Project("{FAE04EC0-301F-11D3-BF4B-00C04F79EFBC}") = "RVR.Framework.MultiTenancy.Tests", "tests\RVR.Framework.MultiTenancy.Tests\RVR.Framework.MultiTenancy.Tests.csproj", "{603609CA-74BC-49B5-B0E4-6A8267DE638E}"
EndProject
Project("{FAE04EC0-301F-11D3-BF4B-00C04F79EFBC}") = "RVR.Framework.Security.Tests", "tests\RVR.Framework.Security.Tests\RVR.Framework.Security.Tests.csproj", "{30B5685B-9D9B-49A5-B5BB-03CD6900E95F}"
EndProject
Project("{2150E333-8FDC-42A3-9474-1A3956D46DE8}") = "tools", "tools", "{07C2787E-EAC7-C090-1BA3-A61EC2A24D84}"
EndProject
Project("{FAE04EC0-301F-11D3-BF4B-00C04F79EFBC}") = "RVR.CLI", "tools\RVR.CLI\RVR.CLI.csproj", "{11C33CDC-C010-4CE0-BD8B-1A97A0BFAC17}"
EndProject
Project("{FAE04EC0-301F-11D3-BF4B-00C04F79EFBC}") = "RVR.Studio", "tools\RVR.Studio\RVR.Studio.csproj", "{BA672EC9-F94D-4BBC-A79A-E9DA798AF493}"
EndProject
Project("{FAE04EC0-301F-11D3-BF4B-00C04F79EFBC}") = "RVR.Framework.Privacy", "src\security\RVR.Framework.Privacy\RVR.Framework.Privacy.csproj", "{055D932A-CECD-4181-A198-8D2EA81F072B}"
EndProject
Project("{FAE04EC0-301F-11D3-BF4B-00C04F79EFBC}") = "RVR.Framework.EventSourcing", "src\modules\RVR.Framework.EventSourcing\RVR.Framework.EventSourcing.csproj", "{F8358AAE-B62C-47D2-A7DB-7A76D6379D17}"
EndProject
Project("{FAE04EC0-301F-11D3-BF4B-00C04F79EFBC}") = "RVR.Framework.Saga", "src\modules\RVR.Framework.Saga\RVR.Framework.Saga.csproj", "{D1CDA34B-EAED-4C53-82A3-5636A72C0663}"
EndProject
Project("{FAE04EC0-301F-11D3-BF4B-00C04F79EFBC}") = "RVR.Framework.TestInfrastructure", "tests\RVR.Framework.TestInfrastructure\RVR.Framework.TestInfrastructure.csproj", "{07E76C59-519E-415A-B73C-D27F16FAB9F0}"
EndProject
Project("{FAE04EC0-301F-11D3-BF4B-00C04F79EFBC}") = "RVR.Framework.Integration.Tests", "tests\RVR.Framework.Integration.Tests\RVR.Framework.Integration.Tests.csproj", "{BA4CC277-817D-4397-A04E-37F11526E5AD}"
EndProject
Project("{FAE04EC0-301F-11D3-BF4B-00C04F79EFBC}") = "RVR.Framework.ApiKeys", "src\modules\RVR.Framework.ApiKeys\RVR.Framework.ApiKeys.csproj", "{AA1057EA-F377-4028-B5C9-9245BB3C3218}"
EndProject
Project("{FAE04EC0-301F-11D3-BF4B-00C04F79EFBC}") = "RVR.Framework.Messaging", "src\modules\RVR.Framework.Messaging\RVR.Framework.Messaging.csproj", "{CF9EF0DE-B1BB-4BE8-B78C-0FD67D66A414}"
EndProject
Project("{FAE04EC0-301F-11D3-BF4B-00C04F79EFBC}") = "RVR.Framework.Resilience", "src\modules\RVR.Framework.Resilience\RVR.Framework.Resilience.csproj", "{DF0E3E85-82C4-4937-83B6-19E8282F51AD}"
EndProject
Project("{FAE04EC0-301F-11D3-BF4B-00C04F79EFBC}") = "RVR.Framework.Idempotency", "src\modules\RVR.Framework.Idempotency\RVR.Framework.Idempotency.csproj", "{C11ED260-F2F2-44AC-AA20-E06B2B8F4A5F}"
EndProject
Project("{FAE04EC0-301F-11D3-BF4B-00C04F79EFBC}") = "RVR.Framework.Email", "src\modules\RVR.Framework.Email\RVR.Framework.Email.csproj", "{701DC6F0-60D6-42C5-AD61-1A9CFCC716C3}"
EndProject
Project("{FAE04EC0-301F-11D3-BF4B-00C04F79EFBC}") = "RVR.Framework.Data.CosmosDB", "src\data\RVR.Framework.Data.CosmosDB\RVR.Framework.Data.CosmosDB.csproj", "{8FFC91A4-E3FF-4FC4-BA92-F1F6AFBAB727}"
EndProject
Project("{FAE04EC0-301F-11D3-BF4B-00C04F79EFBC}") = "RVR.Framework.Data.MongoDB", "src\data\RVR.Framework.Data.MongoDB\RVR.Framework.Data.MongoDB.csproj", "{AE9DD2AB-DED7-4471-93AB-4780703766C1}"
EndProject
Project("{FAE04EC0-301F-11D3-BF4B-00C04F79EFBC}") = "RVR.Framework.Dapr", "src\modules\RVR.Framework.Dapr\RVR.Framework.Dapr.csproj", "{98A4217E-4A9E-4992-BA15-5C78BFA8D3FD}"
EndProject
Project("{FAE04EC0-301F-11D3-BF4B-00C04F79EFBC}") = "RVR.Framework.Plugins", "src\modules\RVR.Framework.Plugins\RVR.Framework.Plugins.csproj", "{415CDBE3-CDC4-40C1-9502-EFC9A32AB9A4}"
EndProject
Project("{FAE04EC0-301F-11D3-BF4B-00C04F79EFBC}") = "RVR.Framework.Data.ReadReplica", "src\data\RVR.Framework.Data.ReadReplica\RVR.Framework.Data.ReadReplica.csproj", "{2B4BEE80-5FC2-43F6-A648-47C2F759CD0C}"
EndProject
Project("{FAE04EC0-301F-11D3-BF4B-00C04F79EFBC}") = "RVR.Framework.Profiling", "src\modules\RVR.Framework.Profiling\RVR.Framework.Profiling.csproj", "{F0F78805-11D6-47F3-8811-81250231BA86}"
EndProject
Project("{FAE04EC0-301F-11D3-BF4B-00C04F79EFBC}") = "RVR.Framework.Workflows", "src\modules\RVR.Framework.Workflows\RVR.Framework.Workflows.csproj", "{FDEB9607-363B-4F3B-BC3F-1C741525F7B4}"
EndProject
Project("{FAE04EC0-301F-11D3-BF4B-00C04F79EFBC}") = "RVR.Framework.Search", "src\modules\RVR.Framework.Search\RVR.Framework.Search.csproj", "{CB7A9D90-D890-4896-837C-CF4FDDD379FE}"
EndProject
Project("{FAE04EC0-301F-11D3-BF4B-00C04F79EFBC}") = "RVR.Framework.Alerting", "src\modules\RVR.Framework.Alerting\RVR.Framework.Alerting.csproj", "{83E2F259-12A1-4F1D-8D88-10FFF969617B}"
EndProject
Global
	GlobalSection(SolutionConfigurationPlatforms) = preSolution
		Debug|Any CPU = Debug|Any CPU
		Debug|x64 = Debug|x64
		Debug|x86 = Debug|x86
		Release|Any CPU = Release|Any CPU
		Release|x64 = Release|x64
		Release|x86 = Release|x86
	EndGlobalSection
	GlobalSection(ProjectConfigurationPlatforms) = postSolution
		{61268139-C985-4466-BA40-79822DAF8669}.Debug|Any CPU.ActiveCfg = Debug|Any CPU
		{61268139-C985-4466-BA40-79822DAF8669}.Debug|Any CPU.Build.0 = Debug|Any CPU
		{61268139-C985-4466-BA40-79822DAF8669}.Debug|x64.ActiveCfg = Debug|Any CPU
		{61268139-C985-4466-BA40-79822DAF8669}.Debug|x64.Build.0 = Debug|Any CPU
		{61268139-C985-4466-BA40-79822DAF8669}.Debug|x86.ActiveCfg = Debug|Any CPU
		{61268139-C985-4466-BA40-79822DAF8669}.Debug|x86.Build.0 = Debug|Any CPU
		{61268139-C985-4466-BA40-79822DAF8669}.Release|Any CPU.ActiveCfg = Release|Any CPU
		{61268139-C985-4466-BA40-79822DAF8669}.Release|Any CPU.Build.0 = Release|Any CPU
		{61268139-C985-4466-BA40-79822DAF8669}.Release|x64.ActiveCfg = Release|Any CPU
		{61268139-C985-4466-BA40-79822DAF8669}.Release|x64.Build.0 = Release|Any CPU
		{61268139-C985-4466-BA40-79822DAF8669}.Release|x86.ActiveCfg = Release|Any CPU
		{61268139-C985-4466-BA40-79822DAF8669}.Release|x86.Build.0 = Release|Any CPU
		{A070DA7A-BA52-49A2-BDB8-ADF43510B9BE}.Debug|Any CPU.ActiveCfg = Debug|Any CPU
		{A070DA7A-BA52-49A2-BDB8-ADF43510B9BE}.Debug|Any CPU.Build.0 = Debug|Any CPU
		{A070DA7A-BA52-49A2-BDB8-ADF43510B9BE}.Debug|x64.ActiveCfg = Debug|Any CPU
		{A070DA7A-BA52-49A2-BDB8-ADF43510B9BE}.Debug|x64.Build.0 = Debug|Any CPU
		{A070DA7A-BA52-49A2-BDB8-ADF43510B9BE}.Debug|x86.ActiveCfg = Debug|Any CPU
		{A070DA7A-BA52-49A2-BDB8-ADF43510B9BE}.Debug|x86.Build.0 = Debug|Any CPU
		{A070DA7A-BA52-49A2-BDB8-ADF43510B9BE}.Release|Any CPU.ActiveCfg = Release|Any CPU
		{A070DA7A-BA52-49A2-BDB8-ADF43510B9BE}.Release|Any CPU.Build.0 = Release|Any CPU
		{A070DA7A-BA52-49A2-BDB8-ADF43510B9BE}.Release|x64.ActiveCfg = Release|Any CPU
		{A070DA7A-BA52-49A2-BDB8-ADF43510B9BE}.Release|x64.Build.0 = Release|Any CPU
		{A070DA7A-BA52-49A2-BDB8-ADF43510B9BE}.Release|x86.ActiveCfg = Release|Any CPU
		{A070DA7A-BA52-49A2-BDB8-ADF43510B9BE}.Release|x86.Build.0 = Release|Any CPU
		{412F22FB-D2C3-43EF-8393-150B59A1F09F}.Debug|Any CPU.ActiveCfg = Debug|Any CPU
		{412F22FB-D2C3-43EF-8393-150B59A1F09F}.Debug|Any CPU.Build.0 = Debug|Any CPU
		{412F22FB-D2C3-43EF-8393-150B59A1F09F}.Debug|x64.ActiveCfg = Debug|Any CPU
		{412F22FB-D2C3-43EF-8393-150B59A1F09F}.Debug|x64.Build.0 = Debug|Any CPU
		{412F22FB-D2C3-43EF-8393-150B59A1F09F}.Debug|x86.ActiveCfg = Debug|Any CPU
		{412F22FB-D2C3-43EF-8393-150B59A1F09F}.Debug|x86.Build.0 = Debug|Any CPU
		{412F22FB-D2C3-43EF-8393-150B59A1F09F}.Release|Any CPU.ActiveCfg = Release|Any CPU
		{412F22FB-D2C3-43EF-8393-150B59A1F09F}.Release|Any CPU.Build.0 = Release|Any CPU
		{412F22FB-D2C3-43EF-8393-150B59A1F09F}.Release|x64.ActiveCfg = Release|Any CPU
		{412F22FB-D2C3-43EF-8393-150B59A1F09F}.Release|x64.Build.0 = Release|Any CPU
		{412F22FB-D2C3-43EF-8393-150B59A1F09F}.Release|x86.ActiveCfg = Release|Any CPU
		{412F22FB-D2C3-43EF-8393-150B59A1F09F}.Release|x86.Build.0 = Release|Any CPU
		{F881B191-B892-4ACA-AC84-F9E563985452}.Debug|Any CPU.ActiveCfg = Debug|Any CPU
		{F881B191-B892-4ACA-AC84-F9E563985452}.Debug|Any CPU.Build.0 = Debug|Any CPU
		{F881B191-B892-4ACA-AC84-F9E563985452}.Debug|x64.ActiveCfg = Debug|Any CPU
		{F881B191-B892-4ACA-AC84-F9E563985452}.Debug|x64.Build.0 = Debug|Any CPU
		{F881B191-B892-4ACA-AC84-F9E563985452}.Debug|x86.ActiveCfg = Debug|Any CPU
		{F881B191-B892-4ACA-AC84-F9E563985452}.Debug|x86.Build.0 = Debug|Any CPU
		{F881B191-B892-4ACA-AC84-F9E563985452}.Release|Any CPU.ActiveCfg = Release|Any CPU
		{F881B191-B892-4ACA-AC84-F9E563985452}.Release|Any CPU.Build.0 = Release|Any CPU
		{F881B191-B892-4ACA-AC84-F9E563985452}.Release|x64.ActiveCfg = Release|Any CPU
		{F881B191-B892-4ACA-AC84-F9E563985452}.Release|x64.Build.0 = Release|Any CPU
		{F881B191-B892-4ACA-AC84-F9E563985452}.Release|x86.ActiveCfg = Release|Any CPU
		{F881B191-B892-4ACA-AC84-F9E563985452}.Release|x86.Build.0 = Release|Any CPU
		{5792FA56-C112-4234-86E1-C62010269B32}.Debug|Any CPU.ActiveCfg = Debug|Any CPU
		{5792FA56-C112-4234-86E1-C62010269B32}.Debug|Any CPU.Build.0 = Debug|Any CPU
		{5792FA56-C112-4234-86E1-C62010269B32}.Debug|x64.ActiveCfg = Debug|Any CPU
		{5792FA56-C112-4234-86E1-C62010269B32}.Debug|x64.Build.0 = Debug|Any CPU
		{5792FA56-C112-4234-86E1-C62010269B32}.Debug|x86.ActiveCfg = Debug|Any CPU
		{5792FA56-C112-4234-86E1-C62010269B32}.Debug|x86.Build.0 = Debug|Any CPU
		{5792FA56-C112-4234-86E1-C62010269B32}.Release|Any CPU.ActiveCfg = Release|Any CPU
		{5792FA56-C112-4234-86E1-C62010269B32}.Release|Any CPU.Build.0 = Release|Any CPU
		{5792FA56-C112-4234-86E1-C62010269B32}.Release|x64.ActiveCfg = Release|Any CPU
		{5792FA56-C112-4234-86E1-C62010269B32}.Release|x64.Build.0 = Release|Any CPU
		{5792FA56-C112-4234-86E1-C62010269B32}.Release|x86.ActiveCfg = Release|Any CPU
		{5792FA56-C112-4234-86E1-C62010269B32}.Release|x86.Build.0 = Release|Any CPU
		{B8C06048-8823-4B38-89B0-86029678DCA4}.Debug|Any CPU.ActiveCfg = Debug|Any CPU
		{B8C06048-8823-4B38-89B0-86029678DCA4}.Debug|Any CPU.Build.0 = Debug|Any CPU
		{B8C06048-8823-4B38-89B0-86029678DCA4}.Debug|x64.ActiveCfg = Debug|Any CPU
		{B8C06048-8823-4B38-89B0-86029678DCA4}.Debug|x64.Build.0 = Debug|Any CPU
		{B8C06048-8823-4B38-89B0-86029678DCA4}.Debug|x86.ActiveCfg = Debug|Any CPU
		{B8C06048-8823-4B38-89B0-86029678DCA4}.Debug|x86.Build.0 = Debug|Any CPU
		{B8C06048-8823-4B38-89B0-86029678DCA4}.Release|Any CPU.ActiveCfg = Release|Any CPU
		{B8C06048-8823-4B38-89B0-86029678DCA4}.Release|Any CPU.Build.0 = Release|Any CPU
		{B8C06048-8823-4B38-89B0-86029678DCA4}.Release|x64.ActiveCfg = Release|Any CPU
		{B8C06048-8823-4B38-89B0-86029678DCA4}.Release|x64.Build.0 = Release|Any CPU
		{B8C06048-8823-4B38-89B0-86029678DCA4}.Release|x86.ActiveCfg = Release|Any CPU
		{B8C06048-8823-4B38-89B0-86029678DCA4}.Release|x86.Build.0 = Release|Any CPU
		{31E9A8CB-47C4-416E-8723-43F51C7B2784}.Debug|Any CPU.ActiveCfg = Debug|Any CPU
		{31E9A8CB-47C4-416E-8723-43F51C7B2784}.Debug|Any CPU.Build.0 = Debug|Any CPU
		{31E9A8CB-47C4-416E-8723-43F51C7B2784}.Debug|x64.ActiveCfg = Debug|Any CPU
		{31E9A8CB-47C4-416E-8723-43F51C7B2784}.Debug|x64.Build.0 = Debug|Any CPU
		{31E9A8CB-47C4-416E-8723-43F51C7B2784}.Debug|x86.ActiveCfg = Debug|Any CPU
		{31E9A8CB-47C4-416E-8723-43F51C7B2784}.Debug|x86.Build.0 = Debug|Any CPU
		{31E9A8CB-47C4-416E-8723-43F51C7B2784}.Release|Any CPU.ActiveCfg = Release|Any CPU
		{31E9A8CB-47C4-416E-8723-43F51C7B2784}.Release|Any CPU.Build.0 = Release|Any CPU
		{31E9A8CB-47C4-416E-8723-43F51C7B2784}.Release|x64.ActiveCfg = Release|Any CPU
		{31E9A8CB-47C4-416E-8723-43F51C7B2784}.Release|x64.Build.0 = Release|Any CPU
		{31E9A8CB-47C4-416E-8723-43F51C7B2784}.Release|x86.ActiveCfg = Release|Any CPU
		{31E9A8CB-47C4-416E-8723-43F51C7B2784}.Release|x86.Build.0 = Release|Any CPU
		{A9B02D5B-4316-4802-AE0E-74232EA9BF03}.Debug|Any CPU.ActiveCfg = Debug|Any CPU
		{A9B02D5B-4316-4802-AE0E-74232EA9BF03}.Debug|Any CPU.Build.0 = Debug|Any CPU
		{A9B02D5B-4316-4802-AE0E-74232EA9BF03}.Debug|x64.ActiveCfg = Debug|Any CPU
		{A9B02D5B-4316-4802-AE0E-74232EA9BF03}.Debug|x64.Build.0 = Debug|Any CPU
		{A9B02D5B-4316-4802-AE0E-74232EA9BF03}.Debug|x86.ActiveCfg = Debug|Any CPU
		{A9B02D5B-4316-4802-AE0E-74232EA9BF03}.Debug|x86.Build.0 = Debug|Any CPU
		{A9B02D5B-4316-4802-AE0E-74232EA9BF03}.Release|Any CPU.ActiveCfg = Release|Any CPU
		{A9B02D5B-4316-4802-AE0E-74232EA9BF03}.Release|Any CPU.Build.0 = Release|Any CPU
		{A9B02D5B-4316-4802-AE0E-74232EA9BF03}.Release|x64.ActiveCfg = Release|Any CPU
		{A9B02D5B-4316-4802-AE0E-74232EA9BF03}.Release|x64.Build.0 = Release|Any CPU
		{A9B02D5B-4316-4802-AE0E-74232EA9BF03}.Release|x86.ActiveCfg = Release|Any CPU
		{A9B02D5B-4316-4802-AE0E-74232EA9BF03}.Release|x86.Build.0 = Release|Any CPU
		{44B58035-167D-47BF-8270-4F4187D62995}.Debug|Any CPU.ActiveCfg = Debug|Any CPU
		{44B58035-167D-47BF-8270-4F4187D62995}.Debug|Any CPU.Build.0 = Debug|Any CPU
		{44B58035-167D-47BF-8270-4F4187D62995}.Debug|x64.ActiveCfg = Debug|Any CPU
		{44B58035-167D-47BF-8270-4F4187D62995}.Debug|x64.Build.0 = Debug|Any CPU
		{44B58035-167D-47BF-8270-4F4187D62995}.Debug|x86.ActiveCfg = Debug|Any CPU
		{44B58035-167D-47BF-8270-4F4187D62995}.Debug|x86.Build.0 = Debug|Any CPU
		{44B58035-167D-47BF-8270-4F4187D62995}.Release|Any CPU.ActiveCfg = Release|Any CPU
		{44B58035-167D-47BF-8270-4F4187D62995}.Release|Any CPU.Build.0 = Release|Any CPU
		{44B58035-167D-47BF-8270-4F4187D62995}.Release|x64.ActiveCfg = Release|Any CPU
		{44B58035-167D-47BF-8270-4F4187D62995}.Release|x64.Build.0 = Release|Any CPU
		{44B58035-167D-47BF-8270-4F4187D62995}.Release|x86.ActiveCfg = Release|Any CPU
		{44B58035-167D-47BF-8270-4F4187D62995}.Release|x86.Build.0 = Release|Any CPU
		{D287A1E4-AA1C-448D-A0BB-8B393597747E}.Debug|Any CPU.ActiveCfg = Debug|Any CPU
		{D287A1E4-AA1C-448D-A0BB-8B393597747E}.Debug|Any CPU.Build.0 = Debug|Any CPU
		{D287A1E4-AA1C-448D-A0BB-8B393597747E}.Debug|x64.ActiveCfg = Debug|Any CPU
		{D287A1E4-AA1C-448D-A0BB-8B393597747E}.Debug|x64.Build.0 = Debug|Any CPU
		{D287A1E4-AA1C-448D-A0BB-8B393597747E}.Debug|x86.ActiveCfg = Debug|Any CPU
		{D287A1E4-AA1C-448D-A0BB-8B393597747E}.Debug|x86.Build.0 = Debug|Any CPU
		{D287A1E4-AA1C-448D-A0BB-8B393597747E}.Release|Any CPU.ActiveCfg = Release|Any CPU
		{D287A1E4-AA1C-448D-A0BB-8B393597747E}.Release|Any CPU.Build.0 = Release|Any CPU
		{D287A1E4-AA1C-448D-A0BB-8B393597747E}.Release|x64.ActiveCfg = Release|Any CPU
		{D287A1E4-AA1C-448D-A0BB-8B393597747E}.Release|x64.Build.0 = Release|Any CPU
		{D287A1E4-AA1C-448D-A0BB-8B393597747E}.Release|x86.ActiveCfg = Release|Any CPU
		{D287A1E4-AA1C-448D-A0BB-8B393597747E}.Release|x86.Build.0 = Release|Any CPU
		{90870782-9845-489C-B29E-7C35508181F8}.Debug|Any CPU.ActiveCfg = Debug|Any CPU
		{90870782-9845-489C-B29E-7C35508181F8}.Debug|Any CPU.Build.0 = Debug|Any CPU
		{90870782-9845-489C-B29E-7C35508181F8}.Debug|x64.ActiveCfg = Debug|Any CPU
		{90870782-9845-489C-B29E-7C35508181F8}.Debug|x64.Build.0 = Debug|Any CPU
		{90870782-9845-489C-B29E-7C35508181F8}.Debug|x86.ActiveCfg = Debug|Any CPU
		{90870782-9845-489C-B29E-7C35508181F8}.Debug|x86.Build.0 = Debug|Any CPU
		{90870782-9845-489C-B29E-7C35508181F8}.Release|Any CPU.ActiveCfg = Release|Any CPU
		{90870782-9845-489C-B29E-7C35508181F8}.Release|Any CPU.Build.0 = Release|Any CPU
		{90870782-9845-489C-B29E-7C35508181F8}.Release|x64.ActiveCfg = Release|Any CPU
		{90870782-9845-489C-B29E-7C35508181F8}.Release|x64.Build.0 = Release|Any CPU
		{90870782-9845-489C-B29E-7C35508181F8}.Release|x86.ActiveCfg = Release|Any CPU
		{90870782-9845-489C-B29E-7C35508181F8}.Release|x86.Build.0 = Release|Any CPU
		{1254E059-6E8F-4776-9D6A-19D1E49DFBF2}.Debug|Any CPU.ActiveCfg = Debug|Any CPU
		{1254E059-6E8F-4776-9D6A-19D1E49DFBF2}.Debug|Any CPU.Build.0 = Debug|Any CPU
		{1254E059-6E8F-4776-9D6A-19D1E49DFBF2}.Debug|x64.ActiveCfg = Debug|Any CPU
		{1254E059-6E8F-4776-9D6A-19D1E49DFBF2}.Debug|x64.Build.0 = Debug|Any CPU
		{1254E059-6E8F-4776-9D6A-19D1E49DFBF2}.Debug|x86.ActiveCfg = Debug|Any CPU
		{1254E059-6E8F-4776-9D6A-19D1E49DFBF2}.Debug|x86.Build.0 = Debug|Any CPU
		{1254E059-6E8F-4776-9D6A-19D1E49DFBF2}.Release|Any CPU.ActiveCfg = Release|Any CPU
		{1254E059-6E8F-4776-9D6A-19D1E49DFBF2}.Release|Any CPU.Build.0 = Release|Any CPU
		{1254E059-6E8F-4776-9D6A-19D1E49DFBF2}.Release|x64.ActiveCfg = Release|Any CPU
		{1254E059-6E8F-4776-9D6A-19D1E49DFBF2}.Release|x64.Build.0 = Release|Any CPU
		{1254E059-6E8F-4776-9D6A-19D1E49DFBF2}.Release|x86.ActiveCfg = Release|Any CPU
		{1254E059-6E8F-4776-9D6A-19D1E49DFBF2}.Release|x86.Build.0 = Release|Any CPU
		{E54548EC-7F01-40FE-AAF6-3FBF278C0E60}.Debug|Any CPU.ActiveCfg = Debug|Any CPU
		{E54548EC-7F01-40FE-AAF6-3FBF278C0E60}.Debug|Any CPU.Build.0 = Debug|Any CPU
		{E54548EC-7F01-40FE-AAF6-3FBF278C0E60}.Debug|x64.ActiveCfg = Debug|Any CPU
		{E54548EC-7F01-40FE-AAF6-3FBF278C0E60}.Debug|x64.Build.0 = Debug|Any CPU
		{E54548EC-7F01-40FE-AAF6-3FBF278C0E60}.Debug|x86.ActiveCfg = Debug|Any CPU
		{E54548EC-7F01-40FE-AAF6-3FBF278C0E60}.Debug|x86.Build.0 = Debug|Any CPU
		{E54548EC-7F01-40FE-AAF6-3FBF278C0E60}.Release|Any CPU.ActiveCfg = Release|Any CPU
		{E54548EC-7F01-40FE-AAF6-3FBF278C0E60}.Release|Any CPU.Build.0 = Release|Any CPU
		{E54548EC-7F01-40FE-AAF6-3FBF278C0E60}.Release|x64.ActiveCfg = Release|Any CPU
		{E54548EC-7F01-40FE-AAF6-3FBF278C0E60}.Release|x64.Build.0 = Release|Any CPU
		{E54548EC-7F01-40FE-AAF6-3FBF278C0E60}.Release|x86.ActiveCfg = Release|Any CPU
		{E54548EC-7F01-40FE-AAF6-3FBF278C0E60}.Release|x86.Build.0 = Release|Any CPU
		{2CC7F240-4805-4964-82DE-67BCD2740EDF}.Debug|Any CPU.ActiveCfg = Debug|Any CPU
		{2CC7F240-4805-4964-82DE-67BCD2740EDF}.Debug|Any CPU.Build.0 = Debug|Any CPU
		{2CC7F240-4805-4964-82DE-67BCD2740EDF}.Debug|x64.ActiveCfg = Debug|Any CPU
		{2CC7F240-4805-4964-82DE-67BCD2740EDF}.Debug|x64.Build.0 = Debug|Any CPU
		{2CC7F240-4805-4964-82DE-67BCD2740EDF}.Debug|x86.ActiveCfg = Debug|Any CPU
		{2CC7F240-4805-4964-82DE-67BCD2740EDF}.Debug|x86.Build.0 = Debug|Any CPU
		{2CC7F240-4805-4964-82DE-67BCD2740EDF}.Release|Any CPU.ActiveCfg = Release|Any CPU
		{2CC7F240-4805-4964-82DE-67BCD2740EDF}.Release|Any CPU.Build.0 = Release|Any CPU
		{2CC7F240-4805-4964-82DE-67BCD2740EDF}.Release|x64.ActiveCfg = Release|Any CPU
		{2CC7F240-4805-4964-82DE-67BCD2740EDF}.Release|x64.Build.0 = Release|Any CPU
		{2CC7F240-4805-4964-82DE-67BCD2740EDF}.Release|x86.ActiveCfg = Release|Any CPU
		{2CC7F240-4805-4964-82DE-67BCD2740EDF}.Release|x86.Build.0 = Release|Any CPU
		{DB6D83C9-BB57-4B4E-888D-C9E0F19DB3CF}.Debug|Any CPU.ActiveCfg = Debug|Any CPU
		{DB6D83C9-BB57-4B4E-888D-C9E0F19DB3CF}.Debug|Any CPU.Build.0 = Debug|Any CPU
		{DB6D83C9-BB57-4B4E-888D-C9E0F19DB3CF}.Debug|x64.ActiveCfg = Debug|Any CPU
		{DB6D83C9-BB57-4B4E-888D-C9E0F19DB3CF}.Debug|x64.Build.0 = Debug|Any CPU
		{DB6D83C9-BB57-4B4E-888D-C9E0F19DB3CF}.Debug|x86.ActiveCfg = Debug|Any CPU
		{DB6D83C9-BB57-4B4E-888D-C9E0F19DB3CF}.Debug|x86.Build.0 = Debug|Any CPU
		{DB6D83C9-BB57-4B4E-888D-C9E0F19DB3CF}.Release|Any CPU.ActiveCfg = Release|Any CPU
		{DB6D83C9-BB57-4B4E-888D-C9E0F19DB3CF}.Release|Any CPU.Build.0 = Release|Any CPU
		{DB6D83C9-BB57-4B4E-888D-C9E0F19DB3CF}.Release|x64.ActiveCfg = Release|Any CPU
		{DB6D83C9-BB57-4B4E-888D-C9E0F19DB3CF}.Release|x64.Build.0 = Release|Any CPU
		{DB6D83C9-BB57-4B4E-888D-C9E0F19DB3CF}.Release|x86.ActiveCfg = Release|Any CPU
		{DB6D83C9-BB57-4B4E-888D-C9E0F19DB3CF}.Release|x86.Build.0 = Release|Any CPU
		{EB42E83A-5742-4A09-8B50-C993759269B2}.Debug|Any CPU.ActiveCfg = Debug|Any CPU
		{EB42E83A-5742-4A09-8B50-C993759269B2}.Debug|Any CPU.Build.0 = Debug|Any CPU
		{EB42E83A-5742-4A09-8B50-C993759269B2}.Debug|x64.ActiveCfg = Debug|Any CPU
		{EB42E83A-5742-4A09-8B50-C993759269B2}.Debug|x64.Build.0 = Debug|Any CPU
		{EB42E83A-5742-4A09-8B50-C993759269B2}.Debug|x86.ActiveCfg = Debug|Any CPU
		{EB42E83A-5742-4A09-8B50-C993759269B2}.Debug|x86.Build.0 = Debug|Any CPU
		{EB42E83A-5742-4A09-8B50-C993759269B2}.Release|Any CPU.ActiveCfg = Release|Any CPU
		{EB42E83A-5742-4A09-8B50-C993759269B2}.Release|Any CPU.Build.0 = Release|Any CPU
		{EB42E83A-5742-4A09-8B50-C993759269B2}.Release|x64.ActiveCfg = Release|Any CPU
		{EB42E83A-5742-4A09-8B50-C993759269B2}.Release|x64.Build.0 = Release|Any CPU
		{EB42E83A-5742-4A09-8B50-C993759269B2}.Release|x86.ActiveCfg = Release|Any CPU
		{EB42E83A-5742-4A09-8B50-C993759269B2}.Release|x86.Build.0 = Release|Any CPU
		{67AB19EB-A0F8-4477-9560-72243851E000}.Debug|Any CPU.ActiveCfg = Debug|Any CPU
		{67AB19EB-A0F8-4477-9560-72243851E000}.Debug|Any CPU.Build.0 = Debug|Any CPU
		{67AB19EB-A0F8-4477-9560-72243851E000}.Debug|x64.ActiveCfg = Debug|Any CPU
		{67AB19EB-A0F8-4477-9560-72243851E000}.Debug|x64.Build.0 = Debug|Any CPU
		{67AB19EB-A0F8-4477-9560-72243851E000}.Debug|x86.ActiveCfg = Debug|Any CPU
		{67AB19EB-A0F8-4477-9560-72243851E000}.Debug|x86.Build.0 = Debug|Any CPU
		{67AB19EB-A0F8-4477-9560-72243851E000}.Release|Any CPU.ActiveCfg = Release|Any CPU
		{67AB19EB-A0F8-4477-9560-72243851E000}.Release|Any CPU.Build.0 = Release|Any CPU
		{67AB19EB-A0F8-4477-9560-72243851E000}.Release|x64.ActiveCfg = Release|Any CPU
		{67AB19EB-A0F8-4477-9560-72243851E000}.Release|x64.Build.0 = Release|Any CPU
		{67AB19EB-A0F8-4477-9560-72243851E000}.Release|x86.ActiveCfg = Release|Any CPU
		{67AB19EB-A0F8-4477-9560-72243851E000}.Release|x86.Build.0 = Release|Any CPU
		{47A5E346-43D6-432A-B705-27D49B9964A9}.Debug|Any CPU.ActiveCfg = Debug|Any CPU
		{47A5E346-43D6-432A-B705-27D49B9964A9}.Debug|Any CPU.Build.0 = Debug|Any CPU
		{47A5E346-43D6-432A-B705-27D49B9964A9}.Debug|x64.ActiveCfg = Debug|Any CPU
		{47A5E346-43D6-432A-B705-27D49B9964A9}.Debug|x64.Build.0 = Debug|Any CPU
		{47A5E346-43D6-432A-B705-27D49B9964A9}.Debug|x86.ActiveCfg = Debug|Any CPU
		{47A5E346-43D6-432A-B705-27D49B9964A9}.Debug|x86.Build.0 = Debug|Any CPU
		{47A5E346-43D6-432A-B705-27D49B9964A9}.Release|Any CPU.ActiveCfg = Release|Any CPU
		{47A5E346-43D6-432A-B705-27D49B9964A9}.Release|Any CPU.Build.0 = Release|Any CPU
		{47A5E346-43D6-432A-B705-27D49B9964A9}.Release|x64.ActiveCfg = Release|Any CPU
		{47A5E346-43D6-432A-B705-27D49B9964A9}.Release|x64.Build.0 = Release|Any CPU
		{47A5E346-43D6-432A-B705-27D49B9964A9}.Release|x86.ActiveCfg = Release|Any CPU
		{47A5E346-43D6-432A-B705-27D49B9964A9}.Release|x86.Build.0 = Release|Any CPU
		{F94D1229-4DE5-42A0-8A95-CDB38B98F9C8}.Debug|Any CPU.ActiveCfg = Debug|Any CPU
		{F94D1229-4DE5-42A0-8A95-CDB38B98F9C8}.Debug|Any CPU.Build.0 = Debug|Any CPU
		{F94D1229-4DE5-42A0-8A95-CDB38B98F9C8}.Debug|x64.ActiveCfg = Debug|Any CPU
		{F94D1229-4DE5-42A0-8A95-CDB38B98F9C8}.Debug|x64.Build.0 = Debug|Any CPU
		{F94D1229-4DE5-42A0-8A95-CDB38B98F9C8}.Debug|x86.ActiveCfg = Debug|Any CPU
		{F94D1229-4DE5-42A0-8A95-CDB38B98F9C8}.Debug|x86.Build.0 = Debug|Any CPU
		{F94D1229-4DE5-42A0-8A95-CDB38B98F9C8}.Release|Any CPU.ActiveCfg = Release|Any CPU
		{F94D1229-4DE5-42A0-8A95-CDB38B98F9C8}.Release|Any CPU.Build.0 = Release|Any CPU
		{F94D1229-4DE5-42A0-8A95-CDB38B98F9C8}.Release|x64.ActiveCfg = Release|Any CPU
		{F94D1229-4DE5-42A0-8A95-CDB38B98F9C8}.Release|x64.Build.0 = Release|Any CPU
		{F94D1229-4DE5-42A0-8A95-CDB38B98F9C8}.Release|x86.ActiveCfg = Release|Any CPU
		{F94D1229-4DE5-42A0-8A95-CDB38B98F9C8}.Release|x86.Build.0 = Release|Any CPU
		{91863F07-C6B8-4DB6-B8ED-1842D3FEA835}.Debug|Any CPU.ActiveCfg = Debug|Any CPU
		{91863F07-C6B8-4DB6-B8ED-1842D3FEA835}.Debug|Any CPU.Build.0 = Debug|Any CPU
		{91863F07-C6B8-4DB6-B8ED-1842D3FEA835}.Debug|x64.ActiveCfg = Debug|Any CPU
		{91863F07-C6B8-4DB6-B8ED-1842D3FEA835}.Debug|x64.Build.0 = Debug|Any CPU
		{91863F07-C6B8-4DB6-B8ED-1842D3FEA835}.Debug|x86.ActiveCfg = Debug|Any CPU
		{91863F07-C6B8-4DB6-B8ED-1842D3FEA835}.Debug|x86.Build.0 = Debug|Any CPU
		{91863F07-C6B8-4DB6-B8ED-1842D3FEA835}.Release|Any CPU.ActiveCfg = Release|Any CPU
		{91863F07-C6B8-4DB6-B8ED-1842D3FEA835}.Release|Any CPU.Build.0 = Release|Any CPU
		{91863F07-C6B8-4DB6-B8ED-1842D3FEA835}.Release|x64.ActiveCfg = Release|Any CPU
		{91863F07-C6B8-4DB6-B8ED-1842D3FEA835}.Release|x64.Build.0 = Release|Any CPU
		{91863F07-C6B8-4DB6-B8ED-1842D3FEA835}.Release|x86.ActiveCfg = Release|Any CPU
		{91863F07-C6B8-4DB6-B8ED-1842D3FEA835}.Release|x86.Build.0 = Release|Any CPU
		{010AEEC0-432E-4179-95D8-258C19F949BE}.Debug|Any CPU.ActiveCfg = Debug|Any CPU
		{010AEEC0-432E-4179-95D8-258C19F949BE}.Debug|Any CPU.Build.0 = Debug|Any CPU
		{010AEEC0-432E-4179-95D8-258C19F949BE}.Debug|x64.ActiveCfg = Debug|Any CPU
		{010AEEC0-432E-4179-95D8-258C19F949BE}.Debug|x64.Build.0 = Debug|Any CPU
		{010AEEC0-432E-4179-95D8-258C19F949BE}.Debug|x86.ActiveCfg = Debug|Any CPU
		{010AEEC0-432E-4179-95D8-258C19F949BE}.Debug|x86.Build.0 = Debug|Any CPU
		{010AEEC0-432E-4179-95D8-258C19F949BE}.Release|Any CPU.ActiveCfg = Release|Any CPU
		{010AEEC0-432E-4179-95D8-258C19F949BE}.Release|Any CPU.Build.0 = Release|Any CPU
		{010AEEC0-432E-4179-95D8-258C19F949BE}.Release|x64.ActiveCfg = Release|Any CPU
		{010AEEC0-432E-4179-95D8-258C19F949BE}.Release|x64.Build.0 = Release|Any CPU
		{010AEEC0-432E-4179-95D8-258C19F949BE}.Release|x86.ActiveCfg = Release|Any CPU
		{010AEEC0-432E-4179-95D8-258C19F949BE}.Release|x86.Build.0 = Release|Any CPU
		{044D26CD-3806-4DF6-A84C-A47391C7BAB1}.Debug|Any CPU.ActiveCfg = Debug|Any CPU
		{044D26CD-3806-4DF6-A84C-A47391C7BAB1}.Debug|Any CPU.Build.0 = Debug|Any CPU
		{044D26CD-3806-4DF6-A84C-A47391C7BAB1}.Debug|x64.ActiveCfg = Debug|Any CPU
		{044D26CD-3806-4DF6-A84C-A47391C7BAB1}.Debug|x64.Build.0 = Debug|Any CPU
		{044D26CD-3806-4DF6-A84C-A47391C7BAB1}.Debug|x86.ActiveCfg = Debug|Any CPU
		{044D26CD-3806-4DF6-A84C-A47391C7BAB1}.Debug|x86.Build.0 = Debug|Any CPU
		{044D26CD-3806-4DF6-A84C-A47391C7BAB1}.Release|Any CPU.ActiveCfg = Release|Any CPU
		{044D26CD-3806-4DF6-A84C-A47391C7BAB1}.Release|Any CPU.Build.0 = Release|Any CPU
		{044D26CD-3806-4DF6-A84C-A47391C7BAB1}.Release|x64.ActiveCfg = Release|Any CPU
		{044D26CD-3806-4DF6-A84C-A47391C7BAB1}.Release|x64.Build.0 = Release|Any CPU
		{044D26CD-3806-4DF6-A84C-A47391C7BAB1}.Release|x86.ActiveCfg = Release|Any CPU
		{044D26CD-3806-4DF6-A84C-A47391C7BAB1}.Release|x86.Build.0 = Release|Any CPU
		{DA93060B-4365-4EBB-A198-A44609266B61}.Debug|Any CPU.ActiveCfg = Debug|Any CPU
		{DA93060B-4365-4EBB-A198-A44609266B61}.Debug|Any CPU.Build.0 = Debug|Any CPU
		{DA93060B-4365-4EBB-A198-A44609266B61}.Debug|x64.ActiveCfg = Debug|Any CPU
		{DA93060B-4365-4EBB-A198-A44609266B61}.Debug|x64.Build.0 = Debug|Any CPU
		{DA93060B-4365-4EBB-A198-A44609266B61}.Debug|x86.ActiveCfg = Debug|Any CPU
		{DA93060B-4365-4EBB-A198-A44609266B61}.Debug|x86.Build.0 = Debug|Any CPU
		{DA93060B-4365-4EBB-A198-A44609266B61}.Release|Any CPU.ActiveCfg = Release|Any CPU
		{DA93060B-4365-4EBB-A198-A44609266B61}.Release|Any CPU.Build.0 = Release|Any CPU
		{DA93060B-4365-4EBB-A198-A44609266B61}.Release|x64.ActiveCfg = Release|Any CPU
		{DA93060B-4365-4EBB-A198-A44609266B61}.Release|x64.Build.0 = Release|Any CPU
		{DA93060B-4365-4EBB-A198-A44609266B61}.Release|x86.ActiveCfg = Release|Any CPU
		{DA93060B-4365-4EBB-A198-A44609266B61}.Release|x86.Build.0 = Release|Any CPU
		{C5E0F10F-F2BF-4170-9531-0B1288312C4E}.Debug|Any CPU.ActiveCfg = Debug|Any CPU
		{C5E0F10F-F2BF-4170-9531-0B1288312C4E}.Debug|Any CPU.Build.0 = Debug|Any CPU
		{C5E0F10F-F2BF-4170-9531-0B1288312C4E}.Debug|x64.ActiveCfg = Debug|Any CPU
		{C5E0F10F-F2BF-4170-9531-0B1288312C4E}.Debug|x64.Build.0 = Debug|Any CPU
		{C5E0F10F-F2BF-4170-9531-0B1288312C4E}.Debug|x86.ActiveCfg = Debug|Any CPU
		{C5E0F10F-F2BF-4170-9531-0B1288312C4E}.Debug|x86.Build.0 = Debug|Any CPU
		{C5E0F10F-F2BF-4170-9531-0B1288312C4E}.Release|Any CPU.ActiveCfg = Release|Any CPU
		{C5E0F10F-F2BF-4170-9531-0B1288312C4E}.Release|Any CPU.Build.0 = Release|Any CPU
		{C5E0F10F-F2BF-4170-9531-0B1288312C4E}.Release|x64.ActiveCfg = Release|Any CPU
		{C5E0F10F-F2BF-4170-9531-0B1288312C4E}.Release|x64.Build.0 = Release|Any CPU
		{C5E0F10F-F2BF-4170-9531-0B1288312C4E}.Release|x86.ActiveCfg = Release|Any CPU
		{C5E0F10F-F2BF-4170-9531-0B1288312C4E}.Release|x86.Build.0 = Release|Any CPU
		{13D34C61-6DAB-4A90-BD56-B47ABD7A8CCF}.Debug|Any CPU.ActiveCfg = Debug|Any CPU
		{13D34C61-6DAB-4A90-BD56-B47ABD7A8CCF}.Debug|Any CPU.Build.0 = Debug|Any CPU
		{13D34C61-6DAB-4A90-BD56-B47ABD7A8CCF}.Debug|x64.ActiveCfg = Debug|Any CPU
		{13D34C61-6DAB-4A90-BD56-B47ABD7A8CCF}.Debug|x64.Build.0 = Debug|Any CPU
		{13D34C61-6DAB-4A90-BD56-B47ABD7A8CCF}.Debug|x86.ActiveCfg = Debug|Any CPU
		{13D34C61-6DAB-4A90-BD56-B47ABD7A8CCF}.Debug|x86.Build.0 = Debug|Any CPU
		{13D34C61-6DAB-4A90-BD56-B47ABD7A8CCF}.Release|Any CPU.ActiveCfg = Release|Any CPU
		{13D34C61-6DAB-4A90-BD56-B47ABD7A8CCF}.Release|Any CPU.Build.0 = Release|Any CPU
		{13D34C61-6DAB-4A90-BD56-B47ABD7A8CCF}.Release|x64.ActiveCfg = Release|Any CPU
		{13D34C61-6DAB-4A90-BD56-B47ABD7A8CCF}.Release|x64.Build.0 = Release|Any CPU
		{13D34C61-6DAB-4A90-BD56-B47ABD7A8CCF}.Release|x86.ActiveCfg = Release|Any CPU
		{13D34C61-6DAB-4A90-BD56-B47ABD7A8CCF}.Release|x86.Build.0 = Release|Any CPU
		{848D0F45-8E59-43ED-8396-D4318439A0DB}.Debug|Any CPU.ActiveCfg = Debug|Any CPU
		{848D0F45-8E59-43ED-8396-D4318439A0DB}.Debug|Any CPU.Build.0 = Debug|Any CPU
		{848D0F45-8E59-43ED-8396-D4318439A0DB}.Debug|x64.ActiveCfg = Debug|Any CPU
		{848D0F45-8E59-43ED-8396-D4318439A0DB}.Debug|x64.Build.0 = Debug|Any CPU
		{848D0F45-8E59-43ED-8396-D4318439A0DB}.Debug|x86.ActiveCfg = Debug|Any CPU
		{848D0F45-8E59-43ED-8396-D4318439A0DB}.Debug|x86.Build.0 = Debug|Any CPU
		{848D0F45-8E59-43ED-8396-D4318439A0DB}.Release|Any CPU.ActiveCfg = Release|Any CPU
		{848D0F45-8E59-43ED-8396-D4318439A0DB}.Release|Any CPU.Build.0 = Release|Any CPU
		{848D0F45-8E59-43ED-8396-D4318439A0DB}.Release|x64.ActiveCfg = Release|Any CPU
		{848D0F45-8E59-43ED-8396-D4318439A0DB}.Release|x64.Build.0 = Release|Any CPU
		{848D0F45-8E59-43ED-8396-D4318439A0DB}.Release|x86.ActiveCfg = Release|Any CPU
		{848D0F45-8E59-43ED-8396-D4318439A0DB}.Release|x86.Build.0 = Release|Any CPU
		{96ABFBFE-8278-4CBA-8235-642479EB0890}.Debug|Any CPU.ActiveCfg = Debug|Any CPU
		{96ABFBFE-8278-4CBA-8235-642479EB0890}.Debug|Any CPU.Build.0 = Debug|Any CPU
		{96ABFBFE-8278-4CBA-8235-642479EB0890}.Debug|x64.ActiveCfg = Debug|Any CPU
		{96ABFBFE-8278-4CBA-8235-642479EB0890}.Debug|x64.Build.0 = Debug|Any CPU
		{96ABFBFE-8278-4CBA-8235-642479EB0890}.Debug|x86.ActiveCfg = Debug|Any CPU
		{96ABFBFE-8278-4CBA-8235-642479EB0890}.Debug|x86.Build.0 = Debug|Any CPU
		{96ABFBFE-8278-4CBA-8235-642479EB0890}.Release|Any CPU.ActiveCfg = Release|Any CPU
		{96ABFBFE-8278-4CBA-8235-642479EB0890}.Release|Any CPU.Build.0 = Release|Any CPU
		{96ABFBFE-8278-4CBA-8235-642479EB0890}.Release|x64.ActiveCfg = Release|Any CPU
		{96ABFBFE-8278-4CBA-8235-642479EB0890}.Release|x64.Build.0 = Release|Any CPU
		{96ABFBFE-8278-4CBA-8235-642479EB0890}.Release|x86.ActiveCfg = Release|Any CPU
		{96ABFBFE-8278-4CBA-8235-642479EB0890}.Release|x86.Build.0 = Release|Any CPU
		{EBA8FE32-5D2F-4147-BC38-D3BD3B4FB4F9}.Debug|Any CPU.ActiveCfg = Debug|Any CPU
		{EBA8FE32-5D2F-4147-BC38-D3BD3B4FB4F9}.Debug|Any CPU.Build.0 = Debug|Any CPU
		{EBA8FE32-5D2F-4147-BC38-D3BD3B4FB4F9}.Debug|x64.ActiveCfg = Debug|Any CPU
		{EBA8FE32-5D2F-4147-BC38-D3BD3B4FB4F9}.Debug|x64.Build.0 = Debug|Any CPU
		{EBA8FE32-5D2F-4147-BC38-D3BD3B4FB4F9}.Debug|x86.ActiveCfg = Debug|Any CPU
		{EBA8FE32-5D2F-4147-BC38-D3BD3B4FB4F9}.Debug|x86.Build.0 = Debug|Any CPU
		{EBA8FE32-5D2F-4147-BC38-D3BD3B4FB4F9}.Release|Any CPU.ActiveCfg = Release|Any CPU
		{EBA8FE32-5D2F-4147-BC38-D3BD3B4FB4F9}.Release|Any CPU.Build.0 = Release|Any CPU
		{EBA8FE32-5D2F-4147-BC38-D3BD3B4FB4F9}.Release|x64.ActiveCfg = Release|Any CPU
		{EBA8FE32-5D2F-4147-BC38-D3BD3B4FB4F9}.Release|x64.Build.0 = Release|Any CPU
		{EBA8FE32-5D2F-4147-BC38-D3BD3B4FB4F9}.Release|x86.ActiveCfg = Release|Any CPU
		{EBA8FE32-5D2F-4147-BC38-D3BD3B4FB4F9}.Release|x86.Build.0 = Release|Any CPU
		{F0DD9D15-466E-43C3-BE20-67114E0B278B}.Debug|Any CPU.ActiveCfg = Debug|Any CPU
		{F0DD9D15-466E-43C3-BE20-67114E0B278B}.Debug|Any CPU.Build.0 = Debug|Any CPU
		{F0DD9D15-466E-43C3-BE20-67114E0B278B}.Debug|x64.ActiveCfg = Debug|Any CPU
		{F0DD9D15-466E-43C3-BE20-67114E0B278B}.Debug|x64.Build.0 = Debug|Any CPU
		{F0DD9D15-466E-43C3-BE20-67114E0B278B}.Debug|x86.ActiveCfg = Debug|Any CPU
		{F0DD9D15-466E-43C3-BE20-67114E0B278B}.Debug|x86.Build.0 = Debug|Any CPU
		{F0DD9D15-466E-43C3-BE20-67114E0B278B}.Release|Any CPU.ActiveCfg = Release|Any CPU
		{F0DD9D15-466E-43C3-BE20-67114E0B278B}.Release|Any CPU.Build.0 = Release|Any CPU
		{F0DD9D15-466E-43C3-BE20-67114E0B278B}.Release|x64.ActiveCfg = Release|Any CPU
		{F0DD9D15-466E-43C3-BE20-67114E0B278B}.Release|x64.Build.0 = Release|Any CPU
		{F0DD9D15-466E-43C3-BE20-67114E0B278B}.Release|x86.ActiveCfg = Release|Any CPU
		{F0DD9D15-466E-43C3-BE20-67114E0B278B}.Release|x86.Build.0 = Release|Any CPU
		{BE7FB603-E557-47EA-8E69-7D1E2646A3F0}.Debug|Any CPU.ActiveCfg = Debug|Any CPU
		{BE7FB603-E557-47EA-8E69-7D1E2646A3F0}.Debug|Any CPU.Build.0 = Debug|Any CPU
		{BE7FB603-E557-47EA-8E69-7D1E2646A3F0}.Debug|x64.ActiveCfg = Debug|Any CPU
		{BE7FB603-E557-47EA-8E69-7D1E2646A3F0}.Debug|x64.Build.0 = Debug|Any CPU
		{BE7FB603-E557-47EA-8E69-7D1E2646A3F0}.Debug|x86.ActiveCfg = Debug|Any CPU
		{BE7FB603-E557-47EA-8E69-7D1E2646A3F0}.Debug|x86.Build.0 = Debug|Any CPU
		{BE7FB603-E557-47EA-8E69-7D1E2646A3F0}.Release|Any CPU.ActiveCfg = Release|Any CPU
		{BE7FB603-E557-47EA-8E69-7D1E2646A3F0}.Release|Any CPU.Build.0 = Release|Any CPU
		{BE7FB603-E557-47EA-8E69-7D1E2646A3F0}.Release|x64.ActiveCfg = Release|Any CPU
		{BE7FB603-E557-47EA-8E69-7D1E2646A3F0}.Release|x64.Build.0 = Release|Any CPU
		{BE7FB603-E557-47EA-8E69-7D1E2646A3F0}.Release|x86.ActiveCfg = Release|Any CPU
		{BE7FB603-E557-47EA-8E69-7D1E2646A3F0}.Release|x86.Build.0 = Release|Any CPU
		{6517E4C5-42FE-4307-B4FF-96AAF32F5F5E}.Debug|Any CPU.ActiveCfg = Debug|Any CPU
		{6517E4C5-42FE-4307-B4FF-96AAF32F5F5E}.Debug|Any CPU.Build.0 = Debug|Any CPU
		{6517E4C5-42FE-4307-B4FF-96AAF32F5F5E}.Debug|x64.ActiveCfg = Debug|Any CPU
		{6517E4C5-42FE-4307-B4FF-96AAF32F5F5E}.Debug|x64.Build.0 = Debug|Any CPU
		{6517E4C5-42FE-4307-B4FF-96AAF32F5F5E}.Debug|x86.ActiveCfg = Debug|Any CPU
		{6517E4C5-42FE-4307-B4FF-96AAF32F5F5E}.Debug|x86.Build.0 = Debug|Any CPU
		{6517E4C5-42FE-4307-B4FF-96AAF32F5F5E}.Release|Any CPU.ActiveCfg = Release|Any CPU
		{6517E4C5-42FE-4307-B4FF-96AAF32F5F5E}.Release|Any CPU.Build.0 = Release|Any CPU
		{6517E4C5-42FE-4307-B4FF-96AAF32F5F5E}.Release|x64.ActiveCfg = Release|Any CPU
		{6517E4C5-42FE-4307-B4FF-96AAF32F5F5E}.Release|x64.Build.0 = Release|Any CPU
		{6517E4C5-42FE-4307-B4FF-96AAF32F5F5E}.Release|x86.ActiveCfg = Release|Any CPU
		{6517E4C5-42FE-4307-B4FF-96AAF32F5F5E}.Release|x86.Build.0 = Release|Any CPU
		{32B6A76D-885A-4374-962C-B17432F75EFA}.Debug|Any CPU.ActiveCfg = Debug|Any CPU
		{32B6A76D-885A-4374-962C-B17432F75EFA}.Debug|Any CPU.Build.0 = Debug|Any CPU
		{32B6A76D-885A-4374-962C-B17432F75EFA}.Debug|x64.ActiveCfg = Debug|Any CPU
		{32B6A76D-885A-4374-962C-B17432F75EFA}.Debug|x64.Build.0 = Debug|Any CPU
		{32B6A76D-885A-4374-962C-B17432F75EFA}.Debug|x86.ActiveCfg = Debug|Any CPU
		{32B6A76D-885A-4374-962C-B17432F75EFA}.Debug|x86.Build.0 = Debug|Any CPU
		{32B6A76D-885A-4374-962C-B17432F75EFA}.Release|Any CPU.ActiveCfg = Release|Any CPU
		{32B6A76D-885A-4374-962C-B17432F75EFA}.Release|Any CPU.Build.0 = Release|Any CPU
		{32B6A76D-885A-4374-962C-B17432F75EFA}.Release|x64.ActiveCfg = Release|Any CPU
		{32B6A76D-885A-4374-962C-B17432F75EFA}.Release|x64.Build.0 = Release|Any CPU
		{32B6A76D-885A-4374-962C-B17432F75EFA}.Release|x86.ActiveCfg = Release|Any CPU
		{32B6A76D-885A-4374-962C-B17432F75EFA}.Release|x86.Build.0 = Release|Any CPU
		{5FC7A542-5FDA-42C2-B318-45109055ED26}.Debug|Any CPU.ActiveCfg = Debug|Any CPU
		{5FC7A542-5FDA-42C2-B318-45109055ED26}.Debug|Any CPU.Build.0 = Debug|Any CPU
		{5FC7A542-5FDA-42C2-B318-45109055ED26}.Debug|x64.ActiveCfg = Debug|Any CPU
		{5FC7A542-5FDA-42C2-B318-45109055ED26}.Debug|x64.Build.0 = Debug|Any CPU
		{5FC7A542-5FDA-42C2-B318-45109055ED26}.Debug|x86.ActiveCfg = Debug|Any CPU
		{5FC7A542-5FDA-42C2-B318-45109055ED26}.Debug|x86.Build.0 = Debug|Any CPU
		{5FC7A542-5FDA-42C2-B318-45109055ED26}.Release|Any CPU.ActiveCfg = Release|Any CPU
		{5FC7A542-5FDA-42C2-B318-45109055ED26}.Release|Any CPU.Build.0 = Release|Any CPU
		{5FC7A542-5FDA-42C2-B318-45109055ED26}.Release|x64.ActiveCfg = Release|Any CPU
		{5FC7A542-5FDA-42C2-B318-45109055ED26}.Release|x64.Build.0 = Release|Any CPU
		{5FC7A542-5FDA-42C2-B318-45109055ED26}.Release|x86.ActiveCfg = Release|Any CPU
		{5FC7A542-5FDA-42C2-B318-45109055ED26}.Release|x86.Build.0 = Release|Any CPU
		{4F7A8D69-D894-4AB5-A7D9-9AF9642EA659}.Debug|Any CPU.ActiveCfg = Debug|Any CPU
		{4F7A8D69-D894-4AB5-A7D9-9AF9642EA659}.Debug|Any CPU.Build.0 = Debug|Any CPU
		{4F7A8D69-D894-4AB5-A7D9-9AF9642EA659}.Debug|x64.ActiveCfg = Debug|Any CPU
		{4F7A8D69-D894-4AB5-A7D9-9AF9642EA659}.Debug|x64.Build.0 = Debug|Any CPU
		{4F7A8D69-D894-4AB5-A7D9-9AF9642EA659}.Debug|x86.ActiveCfg = Debug|Any CPU
		{4F7A8D69-D894-4AB5-A7D9-9AF9642EA659}.Debug|x86.Build.0 = Debug|Any CPU
		{4F7A8D69-D894-4AB5-A7D9-9AF9642EA659}.Release|Any CPU.ActiveCfg = Release|Any CPU
		{4F7A8D69-D894-4AB5-A7D9-9AF9642EA659}.Release|Any CPU.Build.0 = Release|Any CPU
		{4F7A8D69-D894-4AB5-A7D9-9AF9642EA659}.Release|x64.ActiveCfg = Release|Any CPU
		{4F7A8D69-D894-4AB5-A7D9-9AF9642EA659}.Release|x64.Build.0 = Release|Any CPU
		{4F7A8D69-D894-4AB5-A7D9-9AF9642EA659}.Release|x86.ActiveCfg = Release|Any CPU
		{4F7A8D69-D894-4AB5-A7D9-9AF9642EA659}.Release|x86.Build.0 = Release|Any CPU
		{50DEA947-906C-4500-ABC3-CBE877D0AED5}.Debug|Any CPU.ActiveCfg = Debug|Any CPU
		{50DEA947-906C-4500-ABC3-CBE877D0AED5}.Debug|Any CPU.Build.0 = Debug|Any CPU
		{50DEA947-906C-4500-ABC3-CBE877D0AED5}.Debug|x64.ActiveCfg = Debug|Any CPU
		{50DEA947-906C-4500-ABC3-CBE877D0AED5}.Debug|x64.Build.0 = Debug|Any CPU
		{50DEA947-906C-4500-ABC3-CBE877D0AED5}.Debug|x86.ActiveCfg = Debug|Any CPU
		{50DEA947-906C-4500-ABC3-CBE877D0AED5}.Debug|x86.Build.0 = Debug|Any CPU
		{50DEA947-906C-4500-ABC3-CBE877D0AED5}.Release|Any CPU.ActiveCfg = Release|Any CPU
		{50DEA947-906C-4500-ABC3-CBE877D0AED5}.Release|Any CPU.Build.0 = Release|Any CPU
		{50DEA947-906C-4500-ABC3-CBE877D0AED5}.Release|x64.ActiveCfg = Release|Any CPU
		{50DEA947-906C-4500-ABC3-CBE877D0AED5}.Release|x64.Build.0 = Release|Any CPU
		{50DEA947-906C-4500-ABC3-CBE877D0AED5}.Release|x86.ActiveCfg = Release|Any CPU
		{50DEA947-906C-4500-ABC3-CBE877D0AED5}.Release|x86.Build.0 = Release|Any CPU
		{74CAA307-C519-4AD8-8B98-80564AD17257}.Debug|Any CPU.ActiveCfg = Debug|Any CPU
		{74CAA307-C519-4AD8-8B98-80564AD17257}.Debug|Any CPU.Build.0 = Debug|Any CPU
		{74CAA307-C519-4AD8-8B98-80564AD17257}.Debug|x64.ActiveCfg = Debug|Any CPU
		{74CAA307-C519-4AD8-8B98-80564AD17257}.Debug|x64.Build.0 = Debug|Any CPU
		{74CAA307-C519-4AD8-8B98-80564AD17257}.Debug|x86.ActiveCfg = Debug|Any CPU
		{74CAA307-C519-4AD8-8B98-80564AD17257}.Debug|x86.Build.0 = Debug|Any CPU
		{74CAA307-C519-4AD8-8B98-80564AD17257}.Release|Any CPU.ActiveCfg = Release|Any CPU
		{74CAA307-C519-4AD8-8B98-80564AD17257}.Release|Any CPU.Build.0 = Release|Any CPU
		{74CAA307-C519-4AD8-8B98-80564AD17257}.Release|x64.ActiveCfg = Release|Any CPU
		{74CAA307-C519-4AD8-8B98-80564AD17257}.Release|x64.Build.0 = Release|Any CPU
		{74CAA307-C519-4AD8-8B98-80564AD17257}.Release|x86.ActiveCfg = Release|Any CPU
		{74CAA307-C519-4AD8-8B98-80564AD17257}.Release|x86.Build.0 = Release|Any CPU
		{6B95873C-01E6-4C8D-BD66-21503A7FAA5E}.Debug|Any CPU.ActiveCfg = Debug|Any CPU
		{6B95873C-01E6-4C8D-BD66-21503A7FAA5E}.Debug|Any CPU.Build.0 = Debug|Any CPU
		{6B95873C-01E6-4C8D-BD66-21503A7FAA5E}.Debug|x64.ActiveCfg = Debug|Any CPU
		{6B95873C-01E6-4C8D-BD66-21503A7FAA5E}.Debug|x64.Build.0 = Debug|Any CPU
		{6B95873C-01E6-4C8D-BD66-21503A7FAA5E}.Debug|x86.ActiveCfg = Debug|Any CPU
		{6B95873C-01E6-4C8D-BD66-21503A7FAA5E}.Debug|x86.Build.0 = Debug|Any CPU
		{6B95873C-01E6-4C8D-BD66-21503A7FAA5E}.Release|Any CPU.ActiveCfg = Release|Any CPU
		{6B95873C-01E6-4C8D-BD66-21503A7FAA5E}.Release|Any CPU.Build.0 = Release|Any CPU
		{6B95873C-01E6-4C8D-BD66-21503A7FAA5E}.Release|x64.ActiveCfg = Release|Any CPU
		{6B95873C-01E6-4C8D-BD66-21503A7FAA5E}.Release|x64.Build.0 = Release|Any CPU
		{6B95873C-01E6-4C8D-BD66-21503A7FAA5E}.Release|x86.ActiveCfg = Release|Any CPU
		{6B95873C-01E6-4C8D-BD66-21503A7FAA5E}.Release|x86.Build.0 = Release|Any CPU
		{D0F01DB1-5821-429D-9C2D-8B45E96CE135}.Debug|Any CPU.ActiveCfg = Debug|Any CPU
		{D0F01DB1-5821-429D-9C2D-8B45E96CE135}.Debug|Any CPU.Build.0 = Debug|Any CPU
		{D0F01DB1-5821-429D-9C2D-8B45E96CE135}.Debug|x64.ActiveCfg = Debug|Any CPU
		{D0F01DB1-5821-429D-9C2D-8B45E96CE135}.Debug|x64.Build.0 = Debug|Any CPU
		{D0F01DB1-5821-429D-9C2D-8B45E96CE135}.Debug|x86.ActiveCfg = Debug|Any CPU
		{D0F01DB1-5821-429D-9C2D-8B45E96CE135}.Debug|x86.Build.0 = Debug|Any CPU
		{D0F01DB1-5821-429D-9C2D-8B45E96CE135}.Release|Any CPU.ActiveCfg = Release|Any CPU
		{D0F01DB1-5821-429D-9C2D-8B45E96CE135}.Release|Any CPU.Build.0 = Release|Any CPU
		{D0F01DB1-5821-429D-9C2D-8B45E96CE135}.Release|x64.ActiveCfg = Release|Any CPU
		{D0F01DB1-5821-429D-9C2D-8B45E96CE135}.Release|x64.Build.0 = Release|Any CPU
		{D0F01DB1-5821-429D-9C2D-8B45E96CE135}.Release|x86.ActiveCfg = Release|Any CPU
		{D0F01DB1-5821-429D-9C2D-8B45E96CE135}.Release|x86.Build.0 = Release|Any CPU
		{6580CAA3-98F8-421A-AE9C-8FCFF4520C55}.Debug|Any CPU.ActiveCfg = Debug|Any CPU
		{6580CAA3-98F8-421A-AE9C-8FCFF4520C55}.Debug|Any CPU.Build.0 = Debug|Any CPU
		{6580CAA3-98F8-421A-AE9C-8FCFF4520C55}.Debug|x64.ActiveCfg = Debug|Any CPU
		{6580CAA3-98F8-421A-AE9C-8FCFF4520C55}.Debug|x64.Build.0 = Debug|Any CPU
		{6580CAA3-98F8-421A-AE9C-8FCFF4520C55}.Debug|x86.ActiveCfg = Debug|Any CPU
		{6580CAA3-98F8-421A-AE9C-8FCFF4520C55}.Debug|x86.Build.0 = Debug|Any CPU
		{6580CAA3-98F8-421A-AE9C-8FCFF4520C55}.Release|Any CPU.ActiveCfg = Release|Any CPU
		{6580CAA3-98F8-421A-AE9C-8FCFF4520C55}.Release|Any CPU.Build.0 = Release|Any CPU
		{6580CAA3-98F8-421A-AE9C-8FCFF4520C55}.Release|x64.ActiveCfg = Release|Any CPU
		{6580CAA3-98F8-421A-AE9C-8FCFF4520C55}.Release|x64.Build.0 = Release|Any CPU
		{6580CAA3-98F8-421A-AE9C-8FCFF4520C55}.Release|x86.ActiveCfg = Release|Any CPU
		{6580CAA3-98F8-421A-AE9C-8FCFF4520C55}.Release|x86.Build.0 = Release|Any CPU
		{33433481-12FD-4A65-B9B9-48BF6106721E}.Debug|Any CPU.ActiveCfg = Debug|Any CPU
		{33433481-12FD-4A65-B9B9-48BF6106721E}.Debug|Any CPU.Build.0 = Debug|Any CPU
		{33433481-12FD-4A65-B9B9-48BF6106721E}.Debug|x64.ActiveCfg = Debug|Any CPU
		{33433481-12FD-4A65-B9B9-48BF6106721E}.Debug|x64.Build.0 = Debug|Any CPU
		{33433481-12FD-4A65-B9B9-48BF6106721E}.Debug|x86.ActiveCfg = Debug|Any CPU
		{33433481-12FD-4A65-B9B9-48BF6106721E}.Debug|x86.Build.0 = Debug|Any CPU
		{33433481-12FD-4A65-B9B9-48BF6106721E}.Release|Any CPU.ActiveCfg = Release|Any CPU
		{33433481-12FD-4A65-B9B9-48BF6106721E}.Release|Any CPU.Build.0 = Release|Any CPU
		{33433481-12FD-4A65-B9B9-48BF6106721E}.Release|x64.ActiveCfg = Release|Any CPU
		{33433481-12FD-4A65-B9B9-48BF6106721E}.Release|x64.Build.0 = Release|Any CPU
		{33433481-12FD-4A65-B9B9-48BF6106721E}.Release|x86.ActiveCfg = Release|Any CPU
		{33433481-12FD-4A65-B9B9-48BF6106721E}.Release|x86.Build.0 = Release|Any CPU
		{1C567715-82EB-47E1-92D8-851029210ECC}.Debug|Any CPU.ActiveCfg = Debug|Any CPU
		{1C567715-82EB-47E1-92D8-851029210ECC}.Debug|Any CPU.Build.0 = Debug|Any CPU
		{1C567715-82EB-47E1-92D8-851029210ECC}.Debug|x64.ActiveCfg = Debug|Any CPU
		{1C567715-82EB-47E1-92D8-851029210ECC}.Debug|x64.Build.0 = Debug|Any CPU
		{1C567715-82EB-47E1-92D8-851029210ECC}.Debug|x86.ActiveCfg = Debug|Any CPU
		{1C567715-82EB-47E1-92D8-851029210ECC}.Debug|x86.Build.0 = Debug|Any CPU
		{1C567715-82EB-47E1-92D8-851029210ECC}.Release|Any CPU.ActiveCfg = Release|Any CPU
		{1C567715-82EB-47E1-92D8-851029210ECC}.Release|Any CPU.Build.0 = Release|Any CPU
		{1C567715-82EB-47E1-92D8-851029210ECC}.Release|x64.ActiveCfg = Release|Any CPU
		{1C567715-82EB-47E1-92D8-851029210ECC}.Release|x64.Build.0 = Release|Any CPU
		{1C567715-82EB-47E1-92D8-851029210ECC}.Release|x86.ActiveCfg = Release|Any CPU
		{1C567715-82EB-47E1-92D8-851029210ECC}.Release|x86.Build.0 = Release|Any CPU
		{DB4BAA6E-7EF3-4524-9594-52E229C0298B}.Debug|Any CPU.ActiveCfg = Debug|Any CPU
		{DB4BAA6E-7EF3-4524-9594-52E229C0298B}.Debug|Any CPU.Build.0 = Debug|Any CPU
		{DB4BAA6E-7EF3-4524-9594-52E229C0298B}.Debug|x64.ActiveCfg = Debug|Any CPU
		{DB4BAA6E-7EF3-4524-9594-52E229C0298B}.Debug|x64.Build.0 = Debug|Any CPU
		{DB4BAA6E-7EF3-4524-9594-52E229C0298B}.Debug|x86.ActiveCfg = Debug|Any CPU
		{DB4BAA6E-7EF3-4524-9594-52E229C0298B}.Debug|x86.Build.0 = Debug|Any CPU
		{DB4BAA6E-7EF3-4524-9594-52E229C0298B}.Release|Any CPU.ActiveCfg = Release|Any CPU
		{DB4BAA6E-7EF3-4524-9594-52E229C0298B}.Release|Any CPU.Build.0 = Release|Any CPU
		{DB4BAA6E-7EF3-4524-9594-52E229C0298B}.Release|x64.ActiveCfg = Release|Any CPU
		{DB4BAA6E-7EF3-4524-9594-52E229C0298B}.Release|x64.Build.0 = Release|Any CPU
		{DB4BAA6E-7EF3-4524-9594-52E229C0298B}.Release|x86.ActiveCfg = Release|Any CPU
		{DB4BAA6E-7EF3-4524-9594-52E229C0298B}.Release|x86.Build.0 = Release|Any CPU
		{5918B331-C809-449C-BC9B-AD4B9578587B}.Debug|Any CPU.ActiveCfg = Debug|Any CPU
		{5918B331-C809-449C-BC9B-AD4B9578587B}.Debug|Any CPU.Build.0 = Debug|Any CPU
		{5918B331-C809-449C-BC9B-AD4B9578587B}.Debug|x64.ActiveCfg = Debug|Any CPU
		{5918B331-C809-449C-BC9B-AD4B9578587B}.Debug|x64.Build.0 = Debug|Any CPU
		{5918B331-C809-449C-BC9B-AD4B9578587B}.Debug|x86.ActiveCfg = Debug|Any CPU
		{5918B331-C809-449C-BC9B-AD4B9578587B}.Debug|x86.Build.0 = Debug|Any CPU
		{5918B331-C809-449C-BC9B-AD4B9578587B}.Release|Any CPU.ActiveCfg = Release|Any CPU
		{5918B331-C809-449C-BC9B-AD4B9578587B}.Release|Any CPU.Build.0 = Release|Any CPU
		{5918B331-C809-449C-BC9B-AD4B9578587B}.Release|x64.ActiveCfg = Release|Any CPU
		{5918B331-C809-449C-BC9B-AD4B9578587B}.Release|x64.Build.0 = Release|Any CPU
		{5918B331-C809-449C-BC9B-AD4B9578587B}.Release|x86.ActiveCfg = Release|Any CPU
		{5918B331-C809-449C-BC9B-AD4B9578587B}.Release|x86.Build.0 = Release|Any CPU
		{66E5B8DC-D45A-4207-9B04-6069B6A095B2}.Debug|Any CPU.ActiveCfg = Debug|Any CPU
		{66E5B8DC-D45A-4207-9B04-6069B6A095B2}.Debug|Any CPU.Build.0 = Debug|Any CPU
		{66E5B8DC-D45A-4207-9B04-6069B6A095B2}.Debug|x64.ActiveCfg = Debug|Any CPU
		{66E5B8DC-D45A-4207-9B04-6069B6A095B2}.Debug|x64.Build.0 = Debug|Any CPU
		{66E5B8DC-D45A-4207-9B04-6069B6A095B2}.Debug|x86.ActiveCfg = Debug|Any CPU
		{66E5B8DC-D45A-4207-9B04-6069B6A095B2}.Debug|x86.Build.0 = Debug|Any CPU
		{66E5B8DC-D45A-4207-9B04-6069B6A095B2}.Release|Any CPU.ActiveCfg = Release|Any CPU
		{66E5B8DC-D45A-4207-9B04-6069B6A095B2}.Release|Any CPU.Build.0 = Release|Any CPU
		{66E5B8DC-D45A-4207-9B04-6069B6A095B2}.Release|x64.ActiveCfg = Release|Any CPU
		{66E5B8DC-D45A-4207-9B04-6069B6A095B2}.Release|x64.Build.0 = Release|Any CPU
		{66E5B8DC-D45A-4207-9B04-6069B6A095B2}.Release|x86.ActiveCfg = Release|Any CPU
		{66E5B8DC-D45A-4207-9B04-6069B6A095B2}.Release|x86.Build.0 = Release|Any CPU
		{22CEE158-9713-48DD-8CA8-7078F1B42851}.Debug|Any CPU.ActiveCfg = Debug|Any CPU
		{22CEE158-9713-48DD-8CA8-7078F1B42851}.Debug|Any CPU.Build.0 = Debug|Any CPU
		{22CEE158-9713-48DD-8CA8-7078F1B42851}.Debug|x64.ActiveCfg = Debug|Any CPU
		{22CEE158-9713-48DD-8CA8-7078F1B42851}.Debug|x64.Build.0 = Debug|Any CPU
		{22CEE158-9713-48DD-8CA8-7078F1B42851}.Debug|x86.ActiveCfg = Debug|Any CPU
		{22CEE158-9713-48DD-8CA8-7078F1B42851}.Debug|x86.Build.0 = Debug|Any CPU
		{22CEE158-9713-48DD-8CA8-7078F1B42851}.Release|Any CPU.ActiveCfg = Release|Any CPU
		{22CEE158-9713-48DD-8CA8-7078F1B42851}.Release|Any CPU.Build.0 = Release|Any CPU
		{22CEE158-9713-48DD-8CA8-7078F1B42851}.Release|x64.ActiveCfg = Release|Any CPU
		{22CEE158-9713-48DD-8CA8-7078F1B42851}.Release|x64.Build.0 = Release|Any CPU
		{22CEE158-9713-48DD-8CA8-7078F1B42851}.Release|x86.ActiveCfg = Release|Any CPU
		{22CEE158-9713-48DD-8CA8-7078F1B42851}.Release|x86.Build.0 = Release|Any CPU
		{B5F7169E-D87E-4590-A500-574DBF621F56}.Debug|Any CPU.ActiveCfg = Debug|Any CPU
		{B5F7169E-D87E-4590-A500-574DBF621F56}.Debug|Any CPU.Build.0 = Debug|Any CPU
		{B5F7169E-D87E-4590-A500-574DBF621F56}.Debug|x64.ActiveCfg = Debug|Any CPU
		{B5F7169E-D87E-4590-A500-574DBF621F56}.Debug|x64.Build.0 = Debug|Any CPU
		{B5F7169E-D87E-4590-A500-574DBF621F56}.Debug|x86.ActiveCfg = Debug|Any CPU
		{B5F7169E-D87E-4590-A500-574DBF621F56}.Debug|x86.Build.0 = Debug|Any CPU
		{B5F7169E-D87E-4590-A500-574DBF621F56}.Release|Any CPU.ActiveCfg = Release|Any CPU
		{B5F7169E-D87E-4590-A500-574DBF621F56}.Release|Any CPU.Build.0 = Release|Any CPU
		{B5F7169E-D87E-4590-A500-574DBF621F56}.Release|x64.ActiveCfg = Release|Any CPU
		{B5F7169E-D87E-4590-A500-574DBF621F56}.Release|x64.Build.0 = Release|Any CPU
		{B5F7169E-D87E-4590-A500-574DBF621F56}.Release|x86.ActiveCfg = Release|Any CPU
		{B5F7169E-D87E-4590-A500-574DBF621F56}.Release|x86.Build.0 = Release|Any CPU
		{3EA7B2CA-5A90-490F-B641-C9149C6F183B}.Debug|Any CPU.ActiveCfg = Debug|Any CPU
		{3EA7B2CA-5A90-490F-B641-C9149C6F183B}.Debug|Any CPU.Build.0 = Debug|Any CPU
		{3EA7B2CA-5A90-490F-B641-C9149C6F183B}.Debug|x64.ActiveCfg = Debug|Any CPU
		{3EA7B2CA-5A90-490F-B641-C9149C6F183B}.Debug|x64.Build.0 = Debug|Any CPU
		{3EA7B2CA-5A90-490F-B641-C9149C6F183B}.Debug|x86.ActiveCfg = Debug|Any CPU
		{3EA7B2CA-5A90-490F-B641-C9149C6F183B}.Debug|x86.Build.0 = Debug|Any CPU
		{3EA7B2CA-5A90-490F-B641-C9149C6F183B}.Release|Any CPU.ActiveCfg = Release|Any CPU
		{3EA7B2CA-5A90-490F-B641-C9149C6F183B}.Release|Any CPU.Build.0 = Release|Any CPU
		{3EA7B2CA-5A90-490F-B641-C9149C6F183B}.Release|x64.ActiveCfg = Release|Any CPU
		{3EA7B2CA-5A90-490F-B641-C9149C6F183B}.Release|x64.Build.0 = Release|Any CPU
		{3EA7B2CA-5A90-490F-B641-C9149C6F183B}.Release|x86.ActiveCfg = Release|Any CPU
		{3EA7B2CA-5A90-490F-B641-C9149C6F183B}.Release|x86.Build.0 = Release|Any CPU
		{603609CA-74BC-49B5-B0E4-6A8267DE638E}.Debug|Any CPU.ActiveCfg = Debug|Any CPU
		{603609CA-74BC-49B5-B0E4-6A8267DE638E}.Debug|Any CPU.Build.0 = Debug|Any CPU
		{603609CA-74BC-49B5-B0E4-6A8267DE638E}.Debug|x64.ActiveCfg = Debug|Any CPU
		{603609CA-74BC-49B5-B0E4-6A8267DE638E}.Debug|x64.Build.0 = Debug|Any CPU
		{603609CA-74BC-49B5-B0E4-6A8267DE638E}.Debug|x86.ActiveCfg = Debug|Any CPU
		{603609CA-74BC-49B5-B0E4-6A8267DE638E}.Debug|x86.Build.0 = Debug|Any CPU
		{603609CA-74BC-49B5-B0E4-6A8267DE638E}.Release|Any CPU.ActiveCfg = Release|Any CPU
		{603609CA-74BC-49B5-B0E4-6A8267DE638E}.Release|Any CPU.Build.0 = Release|Any CPU
		{603609CA-74BC-49B5-B0E4-6A8267DE638E}.Release|x64.ActiveCfg = Release|Any CPU
		{603609CA-74BC-49B5-B0E4-6A8267DE638E}.Release|x64.Build.0 = Release|Any CPU
		{603609CA-74BC-49B5-B0E4-6A8267DE638E}.Release|x86.ActiveCfg = Release|Any CPU
		{603609CA-74BC-49B5-B0E4-6A8267DE638E}.Release|x86.Build.0 = Release|Any CPU
		{30B5685B-9D9B-49A5-B5BB-03CD6900E95F}.Debug|Any CPU.ActiveCfg = Debug|Any CPU
		{30B5685B-9D9B-49A5-B5BB-03CD6900E95F}.Debug|Any CPU.Build.0 = Debug|Any CPU
		{30B5685B-9D9B-49A5-B5BB-03CD6900E95F}.Debug|x64.ActiveCfg = Debug|Any CPU
		{30B5685B-9D9B-49A5-B5BB-03CD6900E95F}.Debug|x64.Build.0 = Debug|Any CPU
		{30B5685B-9D9B-49A5-B5BB-03CD6900E95F}.Debug|x86.ActiveCfg = Debug|Any CPU
		{30B5685B-9D9B-49A5-B5BB-03CD6900E95F}.Debug|x86.Build.0 = Debug|Any CPU
		{30B5685B-9D9B-49A5-B5BB-03CD6900E95F}.Release|Any CPU.ActiveCfg = Release|Any CPU
		{30B5685B-9D9B-49A5-B5BB-03CD6900E95F}.Release|Any CPU.Build.0 = Release|Any CPU
		{30B5685B-9D9B-49A5-B5BB-03CD6900E95F}.Release|x64.ActiveCfg = Release|Any CPU
		{30B5685B-9D9B-49A5-B5BB-03CD6900E95F}.Release|x64.Build.0 = Release|Any CPU
		{30B5685B-9D9B-49A5-B5BB-03CD6900E95F}.Release|x86.ActiveCfg = Release|Any CPU
		{30B5685B-9D9B-49A5-B5BB-03CD6900E95F}.Release|x86.Build.0 = Release|Any CPU
		{11C33CDC-C010-4CE0-BD8B-1A97A0BFAC17}.Debug|Any CPU.ActiveCfg = Debug|Any CPU
		{11C33CDC-C010-4CE0-BD8B-1A97A0BFAC17}.Debug|Any CPU.Build.0 = Debug|Any CPU
		{11C33CDC-C010-4CE0-BD8B-1A97A0BFAC17}.Debug|x64.ActiveCfg = Debug|Any CPU
		{11C33CDC-C010-4CE0-BD8B-1A97A0BFAC17}.Debug|x64.Build.0 = Debug|Any CPU
		{11C33CDC-C010-4CE0-BD8B-1A97A0BFAC17}.Debug|x86.ActiveCfg = Debug|Any CPU
		{11C33CDC-C010-4CE0-BD8B-1A97A0BFAC17}.Debug|x86.Build.0 = Debug|Any CPU
		{11C33CDC-C010-4CE0-BD8B-1A97A0BFAC17}.Release|Any CPU.ActiveCfg = Release|Any CPU
		{11C33CDC-C010-4CE0-BD8B-1A97A0BFAC17}.Release|Any CPU.Build.0 = Release|Any CPU
		{11C33CDC-C010-4CE0-BD8B-1A97A0BFAC17}.Release|x64.ActiveCfg = Release|Any CPU
		{11C33CDC-C010-4CE0-BD8B-1A97A0BFAC17}.Release|x64.Build.0 = Release|Any CPU
		{11C33CDC-C010-4CE0-BD8B-1A97A0BFAC17}.Release|x86.ActiveCfg = Release|Any CPU
		{11C33CDC-C010-4CE0-BD8B-1A97A0BFAC17}.Release|x86.Build.0 = Release|Any CPU
		{BA672EC9-F94D-4BBC-A79A-E9DA798AF493}.Debug|Any CPU.ActiveCfg = Debug|Any CPU
		{BA672EC9-F94D-4BBC-A79A-E9DA798AF493}.Debug|Any CPU.Build.0 = Debug|Any CPU
		{BA672EC9-F94D-4BBC-A79A-E9DA798AF493}.Debug|x64.ActiveCfg = Debug|Any CPU
		{BA672EC9-F94D-4BBC-A79A-E9DA798AF493}.Debug|x64.Build.0 = Debug|Any CPU
		{BA672EC9-F94D-4BBC-A79A-E9DA798AF493}.Debug|x86.ActiveCfg = Debug|Any CPU
		{BA672EC9-F94D-4BBC-A79A-E9DA798AF493}.Debug|x86.Build.0 = Debug|Any CPU
		{BA672EC9-F94D-4BBC-A79A-E9DA798AF493}.Release|Any CPU.ActiveCfg = Release|Any CPU
		{BA672EC9-F94D-4BBC-A79A-E9DA798AF493}.Release|Any CPU.Build.0 = Release|Any CPU
		{BA672EC9-F94D-4BBC-A79A-E9DA798AF493}.Release|x64.ActiveCfg = Release|Any CPU
		{BA672EC9-F94D-4BBC-A79A-E9DA798AF493}.Release|x64.Build.0 = Release|Any CPU
		{BA672EC9-F94D-4BBC-A79A-E9DA798AF493}.Release|x86.ActiveCfg = Release|Any CPU
		{BA672EC9-F94D-4BBC-A79A-E9DA798AF493}.Release|x86.Build.0 = Release|Any CPU
		{055D932A-CECD-4181-A198-8D2EA81F072B}.Debug|Any CPU.ActiveCfg = Debug|Any CPU
		{055D932A-CECD-4181-A198-8D2EA81F072B}.Debug|Any CPU.Build.0 = Debug|Any CPU
		{055D932A-CECD-4181-A198-8D2EA81F072B}.Debug|x64.ActiveCfg = Debug|Any CPU
		{055D932A-CECD-4181-A198-8D2EA81F072B}.Debug|x64.Build.0 = Debug|Any CPU
		{055D932A-CECD-4181-A198-8D2EA81F072B}.Debug|x86.ActiveCfg = Debug|Any CPU
		{055D932A-CECD-4181-A198-8D2EA81F072B}.Debug|x86.Build.0 = Debug|Any CPU
		{055D932A-CECD-4181-A198-8D2EA81F072B}.Release|Any CPU.ActiveCfg = Release|Any CPU
		{055D932A-CECD-4181-A198-8D2EA81F072B}.Release|Any CPU.Build.0 = Release|Any CPU
		{055D932A-CECD-4181-A198-8D2EA81F072B}.Release|x64.ActiveCfg = Release|Any CPU
		{055D932A-CECD-4181-A198-8D2EA81F072B}.Release|x64.Build.0 = Release|Any CPU
		{055D932A-CECD-4181-A198-8D2EA81F072B}.Release|x86.ActiveCfg = Release|Any CPU
		{055D932A-CECD-4181-A198-8D2EA81F072B}.Release|x86.Build.0 = Release|Any CPU
		{F8358AAE-B62C-47D2-A7DB-7A76D6379D17}.Debug|Any CPU.ActiveCfg = Debug|Any CPU
		{F8358AAE-B62C-47D2-A7DB-7A76D6379D17}.Debug|Any CPU.Build.0 = Debug|Any CPU
		{F8358AAE-B62C-47D2-A7DB-7A76D6379D17}.Debug|x64.ActiveCfg = Debug|Any CPU
		{F8358AAE-B62C-47D2-A7DB-7A76D6379D17}.Debug|x64.Build.0 = Debug|Any CPU
		{F8358AAE-B62C-47D2-A7DB-7A76D6379D17}.Debug|x86.ActiveCfg = Debug|Any CPU
		{F8358AAE-B62C-47D2-A7DB-7A76D6379D17}.Debug|x86.Build.0 = Debug|Any CPU
		{F8358AAE-B62C-47D2-A7DB-7A76D6379D17}.Release|Any CPU.ActiveCfg = Release|Any CPU
		{F8358AAE-B62C-47D2-A7DB-7A76D6379D17}.Release|Any CPU.Build.0 = Release|Any CPU
		{F8358AAE-B62C-47D2-A7DB-7A76D6379D17}.Release|x64.ActiveCfg = Release|Any CPU
		{F8358AAE-B62C-47D2-A7DB-7A76D6379D17}.Release|x64.Build.0 = Release|Any CPU
		{F8358AAE-B62C-47D2-A7DB-7A76D6379D17}.Release|x86.ActiveCfg = Release|Any CPU
		{F8358AAE-B62C-47D2-A7DB-7A76D6379D17}.Release|x86.Build.0 = Release|Any CPU
		{D1CDA34B-EAED-4C53-82A3-5636A72C0663}.Debug|Any CPU.ActiveCfg = Debug|Any CPU
		{D1CDA34B-EAED-4C53-82A3-5636A72C0663}.Debug|Any CPU.Build.0 = Debug|Any CPU
		{D1CDA34B-EAED-4C53-82A3-5636A72C0663}.Debug|x64.ActiveCfg = Debug|Any CPU
		{D1CDA34B-EAED-4C53-82A3-5636A72C0663}.Debug|x64.Build.0 = Debug|Any CPU
		{D1CDA34B-EAED-4C53-82A3-5636A72C0663}.Debug|x86.ActiveCfg = Debug|Any CPU
		{D1CDA34B-EAED-4C53-82A3-5636A72C0663}.Debug|x86.Build.0 = Debug|Any CPU
		{D1CDA34B-EAED-4C53-82A3-5636A72C0663}.Release|Any CPU.ActiveCfg = Release|Any CPU
		{D1CDA34B-EAED-4C53-82A3-5636A72C0663}.Release|Any CPU.Build.0 = Release|Any CPU
		{D1CDA34B-EAED-4C53-82A3-5636A72C0663}.Release|x64.ActiveCfg = Release|Any CPU
		{D1CDA34B-EAED-4C53-82A3-5636A72C0663}.Release|x64.Build.0 = Release|Any CPU
		{D1CDA34B-EAED-4C53-82A3-5636A72C0663}.Release|x86.ActiveCfg = Release|Any CPU
		{D1CDA34B-EAED-4C53-82A3-5636A72C0663}.Release|x86.Build.0 = Release|Any CPU
		{07E76C59-519E-415A-B73C-D27F16FAB9F0}.Debug|Any CPU.ActiveCfg = Debug|Any CPU
		{07E76C59-519E-415A-B73C-D27F16FAB9F0}.Debug|Any CPU.Build.0 = Debug|Any CPU
		{07E76C59-519E-415A-B73C-D27F16FAB9F0}.Debug|x64.ActiveCfg = Debug|Any CPU
		{07E76C59-519E-415A-B73C-D27F16FAB9F0}.Debug|x64.Build.0 = Debug|Any CPU
		{07E76C59-519E-415A-B73C-D27F16FAB9F0}.Debug|x86.ActiveCfg = Debug|Any CPU
		{07E76C59-519E-415A-B73C-D27F16FAB9F0}.Debug|x86.Build.0 = Debug|Any CPU
		{07E76C59-519E-415A-B73C-D27F16FAB9F0}.Release|Any CPU.ActiveCfg = Release|Any CPU
		{07E76C59-519E-415A-B73C-D27F16FAB9F0}.Release|Any CPU.Build.0 = Release|Any CPU
		{07E76C59-519E-415A-B73C-D27F16FAB9F0}.Release|x64.ActiveCfg = Release|Any CPU
		{07E76C59-519E-415A-B73C-D27F16FAB9F0}.Release|x64.Build.0 = Release|Any CPU
		{07E76C59-519E-415A-B73C-D27F16FAB9F0}.Release|x86.ActiveCfg = Release|Any CPU
		{07E76C59-519E-415A-B73C-D27F16FAB9F0}.Release|x86.Build.0 = Release|Any CPU
		{BA4CC277-817D-4397-A04E-37F11526E5AD}.Debug|Any CPU.ActiveCfg = Debug|Any CPU
		{BA4CC277-817D-4397-A04E-37F11526E5AD}.Debug|Any CPU.Build.0 = Debug|Any CPU
		{BA4CC277-817D-4397-A04E-37F11526E5AD}.Debug|x64.ActiveCfg = Debug|Any CPU
		{BA4CC277-817D-4397-A04E-37F11526E5AD}.Debug|x64.Build.0 = Debug|Any CPU
		{BA4CC277-817D-4397-A04E-37F11526E5AD}.Debug|x86.ActiveCfg = Debug|Any CPU
		{BA4CC277-817D-4397-A04E-37F11526E5AD}.Debug|x86.Build.0 = Debug|Any CPU
		{BA4CC277-817D-4397-A04E-37F11526E5AD}.Release|Any CPU.ActiveCfg = Release|Any CPU
		{BA4CC277-817D-4397-A04E-37F11526E5AD}.Release|Any CPU.Build.0 = Release|Any CPU
		{BA4CC277-817D-4397-A04E-37F11526E5AD}.Release|x64.ActiveCfg = Release|Any CPU
		{BA4CC277-817D-4397-A04E-37F11526E5AD}.Release|x64.Build.0 = Release|Any CPU
		{BA4CC277-817D-4397-A04E-37F11526E5AD}.Release|x86.ActiveCfg = Release|Any CPU
		{BA4CC277-817D-4397-A04E-37F11526E5AD}.Release|x86.Build.0 = Release|Any CPU
		{AA1057EA-F377-4028-B5C9-9245BB3C3218}.Debug|Any CPU.ActiveCfg = Debug|Any CPU
		{AA1057EA-F377-4028-B5C9-9245BB3C3218}.Debug|Any CPU.Build.0 = Debug|Any CPU
		{AA1057EA-F377-4028-B5C9-9245BB3C3218}.Debug|x64.ActiveCfg = Debug|Any CPU
		{AA1057EA-F377-4028-B5C9-9245BB3C3218}.Debug|x64.Build.0 = Debug|Any CPU
		{AA1057EA-F377-4028-B5C9-9245BB3C3218}.Debug|x86.ActiveCfg = Debug|Any CPU
		{AA1057EA-F377-4028-B5C9-9245BB3C3218}.Debug|x86.Build.0 = Debug|Any CPU
		{AA1057EA-F377-4028-B5C9-9245BB3C3218}.Release|Any CPU.ActiveCfg = Release|Any CPU
		{AA1057EA-F377-4028-B5C9-9245BB3C3218}.Release|Any CPU.Build.0 = Release|Any CPU
		{AA1057EA-F377-4028-B5C9-9245BB3C3218}.Release|x64.ActiveCfg = Release|Any CPU
		{AA1057EA-F377-4028-B5C9-9245BB3C3218}.Release|x64.Build.0 = Release|Any CPU
		{AA1057EA-F377-4028-B5C9-9245BB3C3218}.Release|x86.ActiveCfg = Release|Any CPU
		{AA1057EA-F377-4028-B5C9-9245BB3C3218}.Release|x86.Build.0 = Release|Any CPU
		{CF9EF0DE-B1BB-4BE8-B78C-0FD67D66A414}.Debug|Any CPU.ActiveCfg = Debug|Any CPU
		{CF9EF0DE-B1BB-4BE8-B78C-0FD67D66A414}.Debug|Any CPU.Build.0 = Debug|Any CPU
		{CF9EF0DE-B1BB-4BE8-B78C-0FD67D66A414}.Debug|x64.ActiveCfg = Debug|Any CPU
		{CF9EF0DE-B1BB-4BE8-B78C-0FD67D66A414}.Debug|x64.Build.0 = Debug|Any CPU
		{CF9EF0DE-B1BB-4BE8-B78C-0FD67D66A414}.Debug|x86.ActiveCfg = Debug|Any CPU
		{CF9EF0DE-B1BB-4BE8-B78C-0FD67D66A414}.Debug|x86.Build.0 = Debug|Any CPU
		{CF9EF0DE-B1BB-4BE8-B78C-0FD67D66A414}.Release|Any CPU.ActiveCfg = Release|Any CPU
		{CF9EF0DE-B1BB-4BE8-B78C-0FD67D66A414}.Release|Any CPU.Build.0 = Release|Any CPU
		{CF9EF0DE-B1BB-4BE8-B78C-0FD67D66A414}.Release|x64.ActiveCfg = Release|Any CPU
		{CF9EF0DE-B1BB-4BE8-B78C-0FD67D66A414}.Release|x64.Build.0 = Release|Any CPU
		{CF9EF0DE-B1BB-4BE8-B78C-0FD67D66A414}.Release|x86.ActiveCfg = Release|Any CPU
		{CF9EF0DE-B1BB-4BE8-B78C-0FD67D66A414}.Release|x86.Build.0 = Release|Any CPU
		{DF0E3E85-82C4-4937-83B6-19E8282F51AD}.Debug|Any CPU.ActiveCfg = Debug|Any CPU
		{DF0E3E85-82C4-4937-83B6-19E8282F51AD}.Debug|Any CPU.Build.0 = Debug|Any CPU
		{DF0E3E85-82C4-4937-83B6-19E8282F51AD}.Debug|x64.ActiveCfg = Debug|Any CPU
		{DF0E3E85-82C4-4937-83B6-19E8282F51AD}.Debug|x64.Build.0 = Debug|Any CPU
		{DF0E3E85-82C4-4937-83B6-19E8282F51AD}.Debug|x86.ActiveCfg = Debug|Any CPU
		{DF0E3E85-82C4-4937-83B6-19E8282F51AD}.Debug|x86.Build.0 = Debug|Any CPU
		{DF0E3E85-82C4-4937-83B6-19E8282F51AD}.Release|Any CPU.ActiveCfg = Release|Any CPU
		{DF0E3E85-82C4-4937-83B6-19E8282F51AD}.Release|Any CPU.Build.0 = Release|Any CPU
		{DF0E3E85-82C4-4937-83B6-19E8282F51AD}.Release|x64.ActiveCfg = Release|Any CPU
		{DF0E3E85-82C4-4937-83B6-19E8282F51AD}.Release|x64.Build.0 = Release|Any CPU
		{DF0E3E85-82C4-4937-83B6-19E8282F51AD}.Release|x86.ActiveCfg = Release|Any CPU
		{DF0E3E85-82C4-4937-83B6-19E8282F51AD}.Release|x86.Build.0 = Release|Any CPU
		{C11ED260-F2F2-44AC-AA20-E06B2B8F4A5F}.Debug|Any CPU.ActiveCfg = Debug|Any CPU
		{C11ED260-F2F2-44AC-AA20-E06B2B8F4A5F}.Debug|Any CPU.Build.0 = Debug|Any CPU
		{C11ED260-F2F2-44AC-AA20-E06B2B8F4A5F}.Debug|x64.ActiveCfg = Debug|Any CPU
		{C11ED260-F2F2-44AC-AA20-E06B2B8F4A5F}.Debug|x64.Build.0 = Debug|Any CPU
		{C11ED260-F2F2-44AC-AA20-E06B2B8F4A5F}.Debug|x86.ActiveCfg = Debug|Any CPU
		{C11ED260-F2F2-44AC-AA20-E06B2B8F4A5F}.Debug|x86.Build.0 = Debug|Any CPU
		{C11ED260-F2F2-44AC-AA20-E06B2B8F4A5F}.Release|Any CPU.ActiveCfg = Release|Any CPU
		{C11ED260-F2F2-44AC-AA20-E06B2B8F4A5F}.Release|Any CPU.Build.0 = Release|Any CPU
		{C11ED260-F2F2-44AC-AA20-E06B2B8F4A5F}.Release|x64.ActiveCfg = Release|Any CPU
		{C11ED260-F2F2-44AC-AA20-E06B2B8F4A5F}.Release|x64.Build.0 = Release|Any CPU
		{C11ED260-F2F2-44AC-AA20-E06B2B8F4A5F}.Release|x86.ActiveCfg = Release|Any CPU
		{C11ED260-F2F2-44AC-AA20-E06B2B8F4A5F}.Release|x86.Build.0 = Release|Any CPU
		{701DC6F0-60D6-42C5-AD61-1A9CFCC716C3}.Debug|Any CPU.ActiveCfg = Debug|Any CPU
		{701DC6F0-60D6-42C5-AD61-1A9CFCC716C3}.Debug|Any CPU.Build.0 = Debug|Any CPU
		{701DC6F0-60D6-42C5-AD61-1A9CFCC716C3}.Debug|x64.ActiveCfg = Debug|Any CPU
		{701DC6F0-60D6-42C5-AD61-1A9CFCC716C3}.Debug|x64.Build.0 = Debug|Any CPU
		{701DC6F0-60D6-42C5-AD61-1A9CFCC716C3}.Debug|x86.ActiveCfg = Debug|Any CPU
		{701DC6F0-60D6-42C5-AD61-1A9CFCC716C3}.Debug|x86.Build.0 = Debug|Any CPU
		{701DC6F0-60D6-42C5-AD61-1A9CFCC716C3}.Release|Any CPU.ActiveCfg = Release|Any CPU
		{701DC6F0-60D6-42C5-AD61-1A9CFCC716C3}.Release|Any CPU.Build.0 = Release|Any CPU
		{701DC6F0-60D6-42C5-AD61-1A9CFCC716C3}.Release|x64.ActiveCfg = Release|Any CPU
		{701DC6F0-60D6-42C5-AD61-1A9CFCC716C3}.Release|x64.Build.0 = Release|Any CPU
		{701DC6F0-60D6-42C5-AD61-1A9CFCC716C3}.Release|x86.ActiveCfg = Release|Any CPU
		{701DC6F0-60D6-42C5-AD61-1A9CFCC716C3}.Release|x86.Build.0 = Release|Any CPU
		{8FFC91A4-E3FF-4FC4-BA92-F1F6AFBAB727}.Debug|Any CPU.ActiveCfg = Debug|Any CPU
		{8FFC91A4-E3FF-4FC4-BA92-F1F6AFBAB727}.Debug|Any CPU.Build.0 = Debug|Any CPU
		{8FFC91A4-E3FF-4FC4-BA92-F1F6AFBAB727}.Debug|x64.ActiveCfg = Debug|Any CPU
		{8FFC91A4-E3FF-4FC4-BA92-F1F6AFBAB727}.Debug|x64.Build.0 = Debug|Any CPU
		{8FFC91A4-E3FF-4FC4-BA92-F1F6AFBAB727}.Debug|x86.ActiveCfg = Debug|Any CPU
		{8FFC91A4-E3FF-4FC4-BA92-F1F6AFBAB727}.Debug|x86.Build.0 = Debug|Any CPU
		{8FFC91A4-E3FF-4FC4-BA92-F1F6AFBAB727}.Release|Any CPU.ActiveCfg = Release|Any CPU
		{8FFC91A4-E3FF-4FC4-BA92-F1F6AFBAB727}.Release|Any CPU.Build.0 = Release|Any CPU
		{8FFC91A4-E3FF-4FC4-BA92-F1F6AFBAB727}.Release|x64.ActiveCfg = Release|Any CPU
		{8FFC91A4-E3FF-4FC4-BA92-F1F6AFBAB727}.Release|x64.Build.0 = Release|Any CPU
		{8FFC91A4-E3FF-4FC4-BA92-F1F6AFBAB727}.Release|x86.ActiveCfg = Release|Any CPU
		{8FFC91A4-E3FF-4FC4-BA92-F1F6AFBAB727}.Release|x86.Build.0 = Release|Any CPU
		{AE9DD2AB-DED7-4471-93AB-4780703766C1}.Debug|Any CPU.ActiveCfg = Debug|Any CPU
		{AE9DD2AB-DED7-4471-93AB-4780703766C1}.Debug|Any CPU.Build.0 = Debug|Any CPU
		{AE9DD2AB-DED7-4471-93AB-4780703766C1}.Debug|x64.ActiveCfg = Debug|Any CPU
		{AE9DD2AB-DED7-4471-93AB-4780703766C1}.Debug|x64.Build.0 = Debug|Any CPU
		{AE9DD2AB-DED7-4471-93AB-4780703766C1}.Debug|x86.ActiveCfg = Debug|Any CPU
		{AE9DD2AB-DED7-4471-93AB-4780703766C1}.Debug|x86.Build.0 = Debug|Any CPU
		{AE9DD2AB-DED7-4471-93AB-4780703766C1}.Release|Any CPU.ActiveCfg = Release|Any CPU
		{AE9DD2AB-DED7-4471-93AB-4780703766C1}.Release|Any CPU.Build.0 = Release|Any CPU
		{AE9DD2AB-DED7-4471-93AB-4780703766C1}.Release|x64.ActiveCfg = Release|Any CPU
		{AE9DD2AB-DED7-4471-93AB-4780703766C1}.Release|x64.Build.0 = Release|Any CPU
		{AE9DD2AB-DED7-4471-93AB-4780703766C1}.Release|x86.ActiveCfg = Release|Any CPU
		{AE9DD2AB-DED7-4471-93AB-4780703766C1}.Release|x86.Build.0 = Release|Any CPU
		{98A4217E-4A9E-4992-BA15-5C78BFA8D3FD}.Debug|Any CPU.ActiveCfg = Debug|Any CPU
		{98A4217E-4A9E-4992-BA15-5C78BFA8D3FD}.Debug|Any CPU.Build.0 = Debug|Any CPU
		{98A4217E-4A9E-4992-BA15-5C78BFA8D3FD}.Debug|x64.ActiveCfg = Debug|Any CPU
		{98A4217E-4A9E-4992-BA15-5C78BFA8D3FD}.Debug|x64.Build.0 = Debug|Any CPU
		{98A4217E-4A9E-4992-BA15-5C78BFA8D3FD}.Debug|x86.ActiveCfg = Debug|Any CPU
		{98A4217E-4A9E-4992-BA15-5C78BFA8D3FD}.Debug|x86.Build.0 = Debug|Any CPU
		{98A4217E-4A9E-4992-BA15-5C78BFA8D3FD}.Release|Any CPU.ActiveCfg = Release|Any CPU
		{98A4217E-4A9E-4992-BA15-5C78BFA8D3FD}.Release|Any CPU.Build.0 = Release|Any CPU
		{98A4217E-4A9E-4992-BA15-5C78BFA8D3FD}.Release|x64.ActiveCfg = Release|Any CPU
		{98A4217E-4A9E-4992-BA15-5C78BFA8D3FD}.Release|x64.Build.0 = Release|Any CPU
		{98A4217E-4A9E-4992-BA15-5C78BFA8D3FD}.Release|x86.ActiveCfg = Release|Any CPU
		{98A4217E-4A9E-4992-BA15-5C78BFA8D3FD}.Release|x86.Build.0 = Release|Any CPU
		{415CDBE3-CDC4-40C1-9502-EFC9A32AB9A4}.Debug|Any CPU.ActiveCfg = Debug|Any CPU
		{415CDBE3-CDC4-40C1-9502-EFC9A32AB9A4}.Debug|Any CPU.Build.0 = Debug|Any CPU
		{415CDBE3-CDC4-40C1-9502-EFC9A32AB9A4}.Debug|x64.ActiveCfg = Debug|Any CPU
		{415CDBE3-CDC4-40C1-9502-EFC9A32AB9A4}.Debug|x64.Build.0 = Debug|Any CPU
		{415CDBE3-CDC4-40C1-9502-EFC9A32AB9A4}.Debug|x86.ActiveCfg = Debug|Any CPU
		{415CDBE3-CDC4-40C1-9502-EFC9A32AB9A4}.Debug|x86.Build.0 = Debug|Any CPU
		{415CDBE3-CDC4-40C1-9502-EFC9A32AB9A4}.Release|Any CPU.ActiveCfg = Release|Any CPU
		{415CDBE3-CDC4-40C1-9502-EFC9A32AB9A4}.Release|Any CPU.Build.0 = Release|Any CPU
		{415CDBE3-CDC4-40C1-9502-EFC9A32AB9A4}.Release|x64.ActiveCfg = Release|Any CPU
		{415CDBE3-CDC4-40C1-9502-EFC9A32AB9A4}.Release|x64.Build.0 = Release|Any CPU
		{415CDBE3-CDC4-40C1-9502-EFC9A32AB9A4}.Release|x86.ActiveCfg = Release|Any CPU
		{415CDBE3-CDC4-40C1-9502-EFC9A32AB9A4}.Release|x86.Build.0 = Release|Any CPU
		{2B4BEE80-5FC2-43F6-A648-47C2F759CD0C}.Debug|Any CPU.ActiveCfg = Debug|Any CPU
		{2B4BEE80-5FC2-43F6-A648-47C2F759CD0C}.Debug|Any CPU.Build.0 = Debug|Any CPU
		{2B4BEE80-5FC2-43F6-A648-47C2F759CD0C}.Debug|x64.ActiveCfg = Debug|Any CPU
		{2B4BEE80-5FC2-43F6-A648-47C2F759CD0C}.Debug|x64.Build.0 = Debug|Any CPU
		{2B4BEE80-5FC2-43F6-A648-47C2F759CD0C}.Debug|x86.ActiveCfg = Debug|Any CPU
		{2B4BEE80-5FC2-43F6-A648-47C2F759CD0C}.Debug|x86.Build.0 = Debug|Any CPU
		{2B4BEE80-5FC2-43F6-A648-47C2F759CD0C}.Release|Any CPU.ActiveCfg = Release|Any CPU
		{2B4BEE80-5FC2-43F6-A648-47C2F759CD0C}.Release|Any CPU.Build.0 = Release|Any CPU
		{2B4BEE80-5FC2-43F6-A648-47C2F759CD0C}.Release|x64.ActiveCfg = Release|Any CPU
		{2B4BEE80-5FC2-43F6-A648-47C2F759CD0C}.Release|x64.Build.0 = Release|Any CPU
		{2B4BEE80-5FC2-43F6-A648-47C2F759CD0C}.Release|x86.ActiveCfg = Release|Any CPU
		{2B4BEE80-5FC2-43F6-A648-47C2F759CD0C}.Release|x86.Build.0 = Release|Any CPU
		{F0F78805-11D6-47F3-8811-81250231BA86}.Debug|Any CPU.ActiveCfg = Debug|Any CPU
		{F0F78805-11D6-47F3-8811-81250231BA86}.Debug|Any CPU.Build.0 = Debug|Any CPU
		{F0F78805-11D6-47F3-8811-81250231BA86}.Debug|x64.ActiveCfg = Debug|Any CPU
		{F0F78805-11D6-47F3-8811-81250231BA86}.Debug|x64.Build.0 = Debug|Any CPU
		{F0F78805-11D6-47F3-8811-81250231BA86}.Debug|x86.ActiveCfg = Debug|Any CPU
		{F0F78805-11D6-47F3-8811-81250231BA86}.Debug|x86.Build.0 = Debug|Any CPU
		{F0F78805-11D6-47F3-8811-81250231BA86}.Release|Any CPU.ActiveCfg = Release|Any CPU
		{F0F78805-11D6-47F3-8811-81250231BA86}.Release|Any CPU.Build.0 = Release|Any CPU
		{F0F78805-11D6-47F3-8811-81250231BA86}.Release|x64.ActiveCfg = Release|Any CPU
		{F0F78805-11D6-47F3-8811-81250231BA86}.Release|x64.Build.0 = Release|Any CPU
		{F0F78805-11D6-47F3-8811-81250231BA86}.Release|x86.ActiveCfg = Release|Any CPU
		{F0F78805-11D6-47F3-8811-81250231BA86}.Release|x86.Build.0 = Release|Any CPU
		{FDEB9607-363B-4F3B-BC3F-1C741525F7B4}.Debug|Any CPU.ActiveCfg = Debug|Any CPU
		{FDEB9607-363B-4F3B-BC3F-1C741525F7B4}.Debug|Any CPU.Build.0 = Debug|Any CPU
		{FDEB9607-363B-4F3B-BC3F-1C741525F7B4}.Debug|x64.ActiveCfg = Debug|Any CPU
		{FDEB9607-363B-4F3B-BC3F-1C741525F7B4}.Debug|x64.Build.0 = Debug|Any CPU
		{FDEB9607-363B-4F3B-BC3F-1C741525F7B4}.Debug|x86.ActiveCfg = Debug|Any CPU
		{FDEB9607-363B-4F3B-BC3F-1C741525F7B4}.Debug|x86.Build.0 = Debug|Any CPU
		{FDEB9607-363B-4F3B-BC3F-1C741525F7B4}.Release|Any CPU.ActiveCfg = Release|Any CPU
		{FDEB9607-363B-4F3B-BC3F-1C741525F7B4}.Release|Any CPU.Build.0 = Release|Any CPU
		{FDEB9607-363B-4F3B-BC3F-1C741525F7B4}.Release|x64.ActiveCfg = Release|Any CPU
		{FDEB9607-363B-4F3B-BC3F-1C741525F7B4}.Release|x64.Build.0 = Release|Any CPU
		{FDEB9607-363B-4F3B-BC3F-1C741525F7B4}.Release|x86.ActiveCfg = Release|Any CPU
		{FDEB9607-363B-4F3B-BC3F-1C741525F7B4}.Release|x86.Build.0 = Release|Any CPU
		{CB7A9D90-D890-4896-837C-CF4FDDD379FE}.Debug|Any CPU.ActiveCfg = Debug|Any CPU
		{CB7A9D90-D890-4896-837C-CF4FDDD379FE}.Debug|Any CPU.Build.0 = Debug|Any CPU
		{CB7A9D90-D890-4896-837C-CF4FDDD379FE}.Debug|x64.ActiveCfg = Debug|Any CPU
		{CB7A9D90-D890-4896-837C-CF4FDDD379FE}.Debug|x64.Build.0 = Debug|Any CPU
		{CB7A9D90-D890-4896-837C-CF4FDDD379FE}.Debug|x86.ActiveCfg = Debug|Any CPU
		{CB7A9D90-D890-4896-837C-CF4FDDD379FE}.Debug|x86.Build.0 = Debug|Any CPU
		{CB7A9D90-D890-4896-837C-CF4FDDD379FE}.Release|Any CPU.ActiveCfg = Release|Any CPU
		{CB7A9D90-D890-4896-837C-CF4FDDD379FE}.Release|Any CPU.Build.0 = Release|Any CPU
		{CB7A9D90-D890-4896-837C-CF4FDDD379FE}.Release|x64.ActiveCfg = Release|Any CPU
		{CB7A9D90-D890-4896-837C-CF4FDDD379FE}.Release|x64.Build.0 = Release|Any CPU
		{CB7A9D90-D890-4896-837C-CF4FDDD379FE}.Release|x86.ActiveCfg = Release|Any CPU
		{CB7A9D90-D890-4896-837C-CF4FDDD379FE}.Release|x86.Build.0 = Release|Any CPU
		{83E2F259-12A1-4F1D-8D88-10FFF969617B}.Debug|Any CPU.ActiveCfg = Debug|Any CPU
		{83E2F259-12A1-4F1D-8D88-10FFF969617B}.Debug|Any CPU.Build.0 = Debug|Any CPU
		{83E2F259-12A1-4F1D-8D88-10FFF969617B}.Debug|x64.ActiveCfg = Debug|Any CPU
		{83E2F259-12A1-4F1D-8D88-10FFF969617B}.Debug|x64.Build.0 = Debug|Any CPU
		{83E2F259-12A1-4F1D-8D88-10FFF969617B}.Debug|x86.ActiveCfg = Debug|Any CPU
		{83E2F259-12A1-4F1D-8D88-10FFF969617B}.Debug|x86.Build.0 = Debug|Any CPU
		{83E2F259-12A1-4F1D-8D88-10FFF969617B}.Release|Any CPU.ActiveCfg = Release|Any CPU
		{83E2F259-12A1-4F1D-8D88-10FFF969617B}.Release|Any CPU.Build.0 = Release|Any CPU
		{83E2F259-12A1-4F1D-8D88-10FFF969617B}.Release|x64.ActiveCfg = Release|Any CPU
		{83E2F259-12A1-4F1D-8D88-10FFF969617B}.Release|x64.Build.0 = Release|Any CPU
		{83E2F259-12A1-4F1D-8D88-10FFF969617B}.Release|x86.ActiveCfg = Release|Any CPU
		{83E2F259-12A1-4F1D-8D88-10FFF969617B}.Release|x86.Build.0 = Release|Any CPU
	EndGlobalSection
	GlobalSection(SolutionProperties) = preSolution
		HideSolutionNode = FALSE
	EndGlobalSection
	GlobalSection(NestedProjects) = preSolution
		{8D626EA8-CB54-BC41-363A-217881BEBA6E} = {827E0CD3-B72D-47B6-A68D-7590B98EB39B}
		{61268139-C985-4466-BA40-79822DAF8669} = {8D626EA8-CB54-BC41-363A-217881BEBA6E}
		{A070DA7A-BA52-49A2-BDB8-ADF43510B9BE} = {8D626EA8-CB54-BC41-363A-217881BEBA6E}
		{412F22FB-D2C3-43EF-8393-150B59A1F09F} = {8D626EA8-CB54-BC41-363A-217881BEBA6E}
		{F881B191-B892-4ACA-AC84-F9E563985452} = {8D626EA8-CB54-BC41-363A-217881BEBA6E}
		{81034408-37C8-1011-444E-4C15C2FADA8E} = {827E0CD3-B72D-47B6-A68D-7590B98EB39B}
		{5792FA56-C112-4234-86E1-C62010269B32} = {81034408-37C8-1011-444E-4C15C2FADA8E}
		{B8C06048-8823-4B38-89B0-86029678DCA4} = {81034408-37C8-1011-444E-4C15C2FADA8E}
		{31E9A8CB-47C4-416E-8723-43F51C7B2784} = {81034408-37C8-1011-444E-4C15C2FADA8E}
		{C0672DDC-B16F-D231-C4B5-64C737C38FC9} = {827E0CD3-B72D-47B6-A68D-7590B98EB39B}
		{A9B02D5B-4316-4802-AE0E-74232EA9BF03} = {C0672DDC-B16F-D231-C4B5-64C737C38FC9}
		{44B58035-167D-47BF-8270-4F4187D62995} = {C0672DDC-B16F-D231-C4B5-64C737C38FC9}
		{58A5B24B-8FB4-5A6E-5EF4-1E3E19F29B1B} = {827E0CD3-B72D-47B6-A68D-7590B98EB39B}
		{D287A1E4-AA1C-448D-A0BB-8B393597747E} = {58A5B24B-8FB4-5A6E-5EF4-1E3E19F29B1B}
		{90870782-9845-489C-B29E-7C35508181F8} = {58A5B24B-8FB4-5A6E-5EF4-1E3E19F29B1B}
		{1254E059-6E8F-4776-9D6A-19D1E49DFBF2} = {58A5B24B-8FB4-5A6E-5EF4-1E3E19F29B1B}
		{E54548EC-7F01-40FE-AAF6-3FBF278C0E60} = {58A5B24B-8FB4-5A6E-5EF4-1E3E19F29B1B}
		{2CC7F240-4805-4964-82DE-67BCD2740EDF} = {58A5B24B-8FB4-5A6E-5EF4-1E3E19F29B1B}
		{204E644F-317B-204E-C3E0-A421B3650764} = {827E0CD3-B72D-47B6-A68D-7590B98EB39B}
		{DB6D83C9-BB57-4B4E-888D-C9E0F19DB3CF} = {204E644F-317B-204E-C3E0-A421B3650764}
		{EB42E83A-5742-4A09-8B50-C993759269B2} = {204E644F-317B-204E-C3E0-A421B3650764}
		{67AB19EB-A0F8-4477-9560-72243851E000} = {204E644F-317B-204E-C3E0-A421B3650764}
		{EC447DCF-ABFA-6E24-52A5-D7FD48A5C558} = {827E0CD3-B72D-47B6-A68D-7590B98EB39B}
		{47A5E346-43D6-432A-B705-27D49B9964A9} = {EC447DCF-ABFA-6E24-52A5-D7FD48A5C558}
		{F94D1229-4DE5-42A0-8A95-CDB38B98F9C8} = {EC447DCF-ABFA-6E24-52A5-D7FD48A5C558}
		{91863F07-C6B8-4DB6-B8ED-1842D3FEA835} = {EC447DCF-ABFA-6E24-52A5-D7FD48A5C558}
		{010AEEC0-432E-4179-95D8-258C19F949BE} = {EC447DCF-ABFA-6E24-52A5-D7FD48A5C558}
		{044D26CD-3806-4DF6-A84C-A47391C7BAB1} = {EC447DCF-ABFA-6E24-52A5-D7FD48A5C558}
		{DA93060B-4365-4EBB-A198-A44609266B61} = {EC447DCF-ABFA-6E24-52A5-D7FD48A5C558}
		{C5E0F10F-F2BF-4170-9531-0B1288312C4E} = {EC447DCF-ABFA-6E24-52A5-D7FD48A5C558}
		{13D34C61-6DAB-4A90-BD56-B47ABD7A8CCF} = {EC447DCF-ABFA-6E24-52A5-D7FD48A5C558}
		{848D0F45-8E59-43ED-8396-D4318439A0DB} = {EC447DCF-ABFA-6E24-52A5-D7FD48A5C558}
		{96ABFBFE-8278-4CBA-8235-642479EB0890} = {EC447DCF-ABFA-6E24-52A5-D7FD48A5C558}
		{EBA8FE32-5D2F-4147-BC38-D3BD3B4FB4F9} = {EC447DCF-ABFA-6E24-52A5-D7FD48A5C558}
		{4CF8BE06-238A-3BB5-C506-35F420208DAB} = {827E0CD3-B72D-47B6-A68D-7590B98EB39B}
		{F0DD9D15-466E-43C3-BE20-67114E0B278B} = {4CF8BE06-238A-3BB5-C506-35F420208DAB}
		{BE7FB603-E557-47EA-8E69-7D1E2646A3F0} = {4CF8BE06-238A-3BB5-C506-35F420208DAB}
		{6517E4C5-42FE-4307-B4FF-96AAF32F5F5E} = {4CF8BE06-238A-3BB5-C506-35F420208DAB}
		{01DEFA9D-CB1A-AC1D-F37C-9C74159CC2D9} = {827E0CD3-B72D-47B6-A68D-7590B98EB39B}
		{32B6A76D-885A-4374-962C-B17432F75EFA} = {01DEFA9D-CB1A-AC1D-F37C-9C74159CC2D9}
		{5FC7A542-5FDA-42C2-B318-45109055ED26} = {01DEFA9D-CB1A-AC1D-F37C-9C74159CC2D9}
		{BBB7B94B-6E11-D9F1-7BA6-9ECA82DB22BF} = {827E0CD3-B72D-47B6-A68D-7590B98EB39B}
		{4F7A8D69-D894-4AB5-A7D9-9AF9642EA659} = {BBB7B94B-6E11-D9F1-7BA6-9ECA82DB22BF}
		{50DEA947-906C-4500-ABC3-CBE877D0AED5} = {BBB7B94B-6E11-D9F1-7BA6-9ECA82DB22BF}
		{F489E2D5-C65D-9AA9-2B96-C7DF79630172} = {827E0CD3-B72D-47B6-A68D-7590B98EB39B}
		{74CAA307-C519-4AD8-8B98-80564AD17257} = {F489E2D5-C65D-9AA9-2B96-C7DF79630172}
		{6B95873C-01E6-4C8D-BD66-21503A7FAA5E} = {F489E2D5-C65D-9AA9-2B96-C7DF79630172}
		{D0F01DB1-5821-429D-9C2D-8B45E96CE135} = {0AB3BF05-4346-4AA6-1389-037BE0695223}
		{6580CAA3-98F8-421A-AE9C-8FCFF4520C55} = {0AB3BF05-4346-4AA6-1389-037BE0695223}
		{33433481-12FD-4A65-B9B9-48BF6106721E} = {0AB3BF05-4346-4AA6-1389-037BE0695223}
		{1C567715-82EB-47E1-92D8-851029210ECC} = {0AB3BF05-4346-4AA6-1389-037BE0695223}
		{DB4BAA6E-7EF3-4524-9594-52E229C0298B} = {0AB3BF05-4346-4AA6-1389-037BE0695223}
		{5918B331-C809-449C-BC9B-AD4B9578587B} = {0AB3BF05-4346-4AA6-1389-037BE0695223}
		{66E5B8DC-D45A-4207-9B04-6069B6A095B2} = {0AB3BF05-4346-4AA6-1389-037BE0695223}
		{22CEE158-9713-48DD-8CA8-7078F1B42851} = {0AB3BF05-4346-4AA6-1389-037BE0695223}
		{B5F7169E-D87E-4590-A500-574DBF621F56} = {0AB3BF05-4346-4AA6-1389-037BE0695223}
		{3EA7B2CA-5A90-490F-B641-C9149C6F183B} = {0AB3BF05-4346-4AA6-1389-037BE0695223}
		{603609CA-74BC-49B5-B0E4-6A8267DE638E} = {0AB3BF05-4346-4AA6-1389-037BE0695223}
		{30B5685B-9D9B-49A5-B5BB-03CD6900E95F} = {0AB3BF05-4346-4AA6-1389-037BE0695223}
		{11C33CDC-C010-4CE0-BD8B-1A97A0BFAC17} = {07C2787E-EAC7-C090-1BA3-A61EC2A24D84}
		{BA672EC9-F94D-4BBC-A79A-E9DA798AF493} = {07C2787E-EAC7-C090-1BA3-A61EC2A24D84}
		{055D932A-CECD-4181-A198-8D2EA81F072B} = {C0672DDC-B16F-D231-C4B5-64C737C38FC9}
		{F8358AAE-B62C-47D2-A7DB-7A76D6379D17} = {EC447DCF-ABFA-6E24-52A5-D7FD48A5C558}
		{D1CDA34B-EAED-4C53-82A3-5636A72C0663} = {EC447DCF-ABFA-6E24-52A5-D7FD48A5C558}
		{07E76C59-519E-415A-B73C-D27F16FAB9F0} = {0AB3BF05-4346-4AA6-1389-037BE0695223}
		{BA4CC277-817D-4397-A04E-37F11526E5AD} = {0AB3BF05-4346-4AA6-1389-037BE0695223}
		{AA1057EA-F377-4028-B5C9-9245BB3C3218} = {EC447DCF-ABFA-6E24-52A5-D7FD48A5C558}
		{CF9EF0DE-B1BB-4BE8-B78C-0FD67D66A414} = {EC447DCF-ABFA-6E24-52A5-D7FD48A5C558}
		{DF0E3E85-82C4-4937-83B6-19E8282F51AD} = {EC447DCF-ABFA-6E24-52A5-D7FD48A5C558}
		{C11ED260-F2F2-44AC-AA20-E06B2B8F4A5F} = {EC447DCF-ABFA-6E24-52A5-D7FD48A5C558}
		{701DC6F0-60D6-42C5-AD61-1A9CFCC716C3} = {EC447DCF-ABFA-6E24-52A5-D7FD48A5C558}
		{8FFC91A4-E3FF-4FC4-BA92-F1F6AFBAB727} = {EC447DCF-ABFA-6E24-52A5-D7FD48A5C558}
		{AE9DD2AB-DED7-4471-93AB-4780703766C1} = {EC447DCF-ABFA-6E24-52A5-D7FD48A5C558}
		{98A4217E-4A9E-4992-BA15-5C78BFA8D3FD} = {EC447DCF-ABFA-6E24-52A5-D7FD48A5C558}
		{415CDBE3-CDC4-40C1-9502-EFC9A32AB9A4} = {EC447DCF-ABFA-6E24-52A5-D7FD48A5C558}
		{2B4BEE80-5FC2-43F6-A648-47C2F759CD0C} = {58A5B24B-8FB4-5A6E-5EF4-1E3E19F29B1B}
		{F0F78805-11D6-47F3-8811-81250231BA86} = {EC447DCF-ABFA-6E24-52A5-D7FD48A5C558}
		{FDEB9607-363B-4F3B-BC3F-1C741525F7B4} = {EC447DCF-ABFA-6E24-52A5-D7FD48A5C558}
		{CB7A9D90-D890-4896-837C-CF4FDDD379FE} = {EC447DCF-ABFA-6E24-52A5-D7FD48A5C558}
		{83E2F259-12A1-4F1D-8D88-10FFF969617B} = {EC447DCF-ABFA-6E24-52A5-D7FD48A5C558}
	EndGlobalSection
EndGlobal
